PODS:
  - Alamofire (4.8.1)
  - Moya (12.0.1):
    - Moya/Core (= 12.0.1)
  - Moya/Core (12.0.1):
    - Alamofire (~> 4.1)
    - Result (~> 4.0)
  - Moya/RxSwift (12.0.1):
    - Moya/Core
    - RxSwift (~> 4.0)
  - Result (4.1.0)
  - RxAtomic (4.4.2)
  - RxCocoa (4.4.2):
    - RxSwift (>= 4.4.2, ~> 4.4)
  - RxSwift (4.4.2):
    - RxAtomic (>= 4.4.2, ~> 4.4)
  - SwiftyJSON (4.3.0)

DEPENDENCIES:
  - Alamofire
  - Moya
  - Moya/RxSwift
  - RxCocoa
  - RxSwift
  - SwiftyJSON

SPEC REPOS:
  https://github.com/cocoapods/specs.git:
    - Alamofire
    - Moya
    - Result
    - RxAtomic
    - RxCocoa
    - RxSwift
    - SwiftyJSON

SPEC CHECKSUMS:
  Alamofire: 16ce2c353fb72865124ddae8a57c5942388f4f11
  Moya: cf730b3cd9e005401ef37a85143aa141a12fd38f
  Result: bd966fac789cc6c1563440b348ab2598cc24d5c7
  RxAtomic: d00e97c10db88c6f08540e0bf2752fc5a2404167
  RxCocoa: 477990dc3b4c3ff55fb0ac77e1cc06244e0aaec8
  RxSwift: 74c29b693c8e42b0f64400e8b06564575742d649
  SwiftyJSON: 6faa0040f8b59dead0ee07436cbf76b73c08fd08

PODFILE CHECKSUM: 1ef691d64e268e7b0cf877081958de21c7ce9698

COCOAPODS: 1.5.3
