// !$*UTF8*$!
{
	archiveVersion = 1;
	classes = {
	};
	objectVersion = 50;
	objects = {

/* Begin PBXBuildFile section */
		CA1503D82159DD0100922F30 /* LockController.swift in Sources */ = {isa = PBXBuildFile; fileRef = CA1503D72159DD0100922F30 /* LockController.swift */; };
		CA1503DB2159DFFA00922F30 /* UnmanagedController.swift in Sources */ = {isa = PBXBuildFile; fileRef = CA1503DA2159DFFA00922F30 /* UnmanagedController.swift */; };
		CA1503DE2159E4D000922F30 /* XCRunController.swift in Sources */ = {isa = PBXBuildFile; fileRef = CA1503DD2159E4D000922F30 /* XCRunController.swift */; };
		CA1503E12159E67A00922F30 /* RandomNumberController.swift in Sources */ = {isa = PBXBuildFile; fileRef = CA1503E02159E67A00922F30 /* RandomNumberController.swift */; };
		CA1503E42159E86800922F30 /* DebugPrintController.swift in Sources */ = {isa = PBXBuildFile; fileRef = CA1503E32159E86800922F30 /* DebugPrintController.swift */; };
		CA1503E72159F96C00922F30 /* ExceptionController.swift in Sources */ = {isa = PBXBuildFile; fileRef = CA1503E62159F96C00922F30 /* ExceptionController.swift */; };
		CA1503EA2159FE4000922F30 /* AssertionController.swift in Sources */ = {isa = PBXBuildFile; fileRef = CA1503E92159FE4000922F30 /* AssertionController.swift */; };
		CA1503ED215A050C00922F30 /* FatalErrorController.swift in Sources */ = {isa = PBXBuildFile; fileRef = CA1503EC215A050C00922F30 /* FatalErrorController.swift */; };
		CA1503F0215A078100922F30 /* FrameworkController.swift in Sources */ = {isa = PBXBuildFile; fileRef = CA1503EF215A078100922F30 /* FrameworkController.swift */; };
		CA1503F3215A0A6D00922F30 /* SourceOrganizeController.swift in Sources */ = {isa = PBXBuildFile; fileRef = CA1503F2215A0A6D00922F30 /* SourceOrganizeController.swift */; };
		CA1503F7215A0D1F00922F30 /* PlaygroundDelayController.swift in Sources */ = {isa = PBXBuildFile; fileRef = CA1503F6215A0D1F00922F30 /* PlaygroundDelayController.swift */; };
		CA1503FA215A0F0B00922F30 /* PlaygroundController.swift in Sources */ = {isa = PBXBuildFile; fileRef = CA1503F9215A0F0B00922F30 /* PlaygroundController.swift */; };
		CA1503FD215A143600922F30 /* MathController.swift in Sources */ = {isa = PBXBuildFile; fileRef = CA1503FC215A143600922F30 /* MathController.swift */; };
		CA150400215A17BE00922F30 /* CodableController.swift in Sources */ = {isa = PBXBuildFile; fileRef = CA1503FF215A17BE00922F30 /* CodableController.swift */; };
		CA150403215A226500922F30 /* NSNullController.swift in Sources */ = {isa = PBXBuildFile; fileRef = CA150402215A226500922F30 /* NSNullController.swift */; };
		CA150406215A253D00922F30 /* DocumentAnnotionController.swift in Sources */ = {isa = PBXBuildFile; fileRef = CA150405215A253D00922F30 /* DocumentAnnotionController.swift */; };
		CA150409215A2F4600922F30 /* PerformanceController.swift in Sources */ = {isa = PBXBuildFile; fileRef = CA150408215A2F4600922F30 /* PerformanceController.swift */; };
		CA15040C215A311F00922F30 /* LogController.swift in Sources */ = {isa = PBXBuildFile; fileRef = CA15040B215A311F00922F30 /* LogController.swift */; };
		CA15040F215A336A00922F30 /* OverflowController.swift in Sources */ = {isa = PBXBuildFile; fileRef = CA15040E215A336A00922F30 /* OverflowController.swift */; };
		CA150412215A34F800922F30 /* DefineController.swift in Sources */ = {isa = PBXBuildFile; fileRef = CA150411215A34F800922F30 /* DefineController.swift */; };
		CA150415215A367C00922F30 /* PropertyCallControlController.swift in Sources */ = {isa = PBXBuildFile; fileRef = CA150414215A367C00922F30 /* PropertyCallControlController.swift */; };
		CA150418215A387A00922F30 /* SwiftTestController.swift in Sources */ = {isa = PBXBuildFile; fileRef = CA150417215A387A00922F30 /* SwiftTestController.swift */; };
		CA15041B215A398600922F30 /* CoreDataController.swift in Sources */ = {isa = PBXBuildFile; fileRef = CA15041A215A398600922F30 /* CoreDataController.swift */; };
		CA2EB60E215B14020036C8F1 /* ClourerAmbigutyController.swift in Sources */ = {isa = PBXBuildFile; fileRef = CA2EB60D215B14020036C8F1 /* ClourerAmbigutyController.swift */; };
		CA2EB611215B19690036C8F1 /* GenericityExtensionController.swift in Sources */ = {isa = PBXBuildFile; fileRef = CA2EB610215B19690036C8F1 /* GenericityExtensionController.swift */; };
		CA2EB614215B1F810036C8F1 /* ListEnumController.swift in Sources */ = {isa = PBXBuildFile; fileRef = CA2EB613215B1F810036C8F1 /* ListEnumController.swift */; };
		CA2EB617215B24350036C8F1 /* TailRecursionController.swift in Sources */ = {isa = PBXBuildFile; fileRef = CA2EB616215B24350036C8F1 /* TailRecursionController.swift */; };
		CA34D4CF2151EAFA00501F56 /* DynamicObjcController.swift in Sources */ = {isa = PBXBuildFile; fileRef = CA34D4CE2151EAFA00501F56 /* DynamicObjcController.swift */; };
		CA34D4D22151EF8A00501F56 /* AboutProtocolController.swift in Sources */ = {isa = PBXBuildFile; fileRef = CA34D4D12151EF8A00501F56 /* AboutProtocolController.swift */; };
		CA34F2F72151FC3100436583 /* AutoreleasepoolController.swift in Sources */ = {isa = PBXBuildFile; fileRef = CA34F2F62151FC3100436583 /* AutoreleasepoolController.swift */; };
		CA34F2FA2151FE7A00436583 /* ValueRefrenceTypeController.swift in Sources */ = {isa = PBXBuildFile; fileRef = CA34F2F92151FE7A00436583 /* ValueRefrenceTypeController.swift */; };
		CA34F2FE2152005800436583 /* StringController.swift in Sources */ = {isa = PBXBuildFile; fileRef = CA34F2FD2152005800436583 /* StringController.swift */; };
		CA34F301215212C800436583 /* UnsafePointerController.swift in Sources */ = {isa = PBXBuildFile; fileRef = CA34F300215212C800436583 /* UnsafePointerController.swift */; };
		CA34F304215215E900436583 /* CallGCDController.swift in Sources */ = {isa = PBXBuildFile; fileRef = CA34F303215215E900436583 /* CallGCDController.swift */; };
		CA34F30721521B7500436583 /* GetObjectTypeController.swift in Sources */ = {isa = PBXBuildFile; fileRef = CA34F30621521B7500436583 /* GetObjectTypeController.swift */; };
		CA34F30A21521D1600436583 /* IntrospactionController.swift in Sources */ = {isa = PBXBuildFile; fileRef = CA34F30921521D1600436583 /* IntrospactionController.swift */; };
		CA34F30D21521E8000436583 /* KVOKeyPathController.swift in Sources */ = {isa = PBXBuildFile; fileRef = CA34F30C21521E8000436583 /* KVOKeyPathController.swift */; };
		CA34F3102152265900436583 /* ScopeController.swift in Sources */ = {isa = PBXBuildFile; fileRef = CA34F30F2152265900436583 /* ScopeController.swift */; };
		CA34F313215229F800436583 /* ConfirmEqualeController.swift in Sources */ = {isa = PBXBuildFile; fileRef = CA34F312215229F800436583 /* ConfirmEqualeController.swift */; };
		CA34F3162152300C00436583 /* TestHashController.swift in Sources */ = {isa = PBXBuildFile; fileRef = CA34F3152152300C00436583 /* TestHashController.swift */; };
		CA34F319215337EC00436583 /* ClassClusterController.swift in Sources */ = {isa = PBXBuildFile; fileRef = CA34F318215337EC00436583 /* ClassClusterController.swift */; };
		CA34F31C21533A3D00436583 /* CallCFramewrokController.swift in Sources */ = {isa = PBXBuildFile; fileRef = CA34F31B21533A3D00436583 /* CallCFramewrokController.swift */; };
		CA34F31F21533C7400436583 /* PretyPrintController.swift in Sources */ = {isa = PBXBuildFile; fileRef = CA34F31E21533C7400436583 /* PretyPrintController.swift */; };
		CA34F32221533D4900436583 /* OptionsController.swift in Sources */ = {isa = PBXBuildFile; fileRef = CA34F32121533D4900436583 /* OptionsController.swift */; };
		CA34F32521533FE000436583 /* ArrayEnumerateController.swift in Sources */ = {isa = PBXBuildFile; fileRef = CA34F32421533FE000436583 /* ArrayEnumerateController.swift */; };
		CA34F3282153426D00436583 /* Encode@Controller.swift in Sources */ = {isa = PBXBuildFile; fileRef = CA34F3272153426D00436583 /* Encode@Controller.swift */; };
		CA34F32B2153470800436583 /* CallCAsmnameController.swift in Sources */ = {isa = PBXBuildFile; fileRef = CA34F32A2153470800436583 /* CallCAsmnameController.swift */; };
		CAB748372151F2C000E8E07C /* RatainCountController.swift in Sources */ = {isa = PBXBuildFile; fileRef = CAB748362151F2C000E8E07C /* RatainCountController.swift */; };
		CAB7483A2151F74200E8E07C /* ClosureCyleController.swift in Sources */ = {isa = PBXBuildFile; fileRef = CAB748392151F74200E8E07C /* ClosureCyleController.swift */; };
		CAC6ABB9214911BC0070274D /* AppDelegate.swift in Sources */ = {isa = PBXBuildFile; fileRef = CAC6ABB8214911BC0070274D /* AppDelegate.swift */; };
		CAC6ABBB214911BC0070274D /* ViewController.swift in Sources */ = {isa = PBXBuildFile; fileRef = CAC6ABBA214911BC0070274D /* ViewController.swift */; };
		CAC6ABBE214911BC0070274D /* Main.storyboard in Resources */ = {isa = PBXBuildFile; fileRef = CAC6ABBC214911BC0070274D /* Main.storyboard */; };
		CAC6ABC0214911BE0070274D /* Assets.xcassets in Resources */ = {isa = PBXBuildFile; fileRef = CAC6ABBF214911BE0070274D /* Assets.xcassets */; };
		CAC6ABC3214911BE0070274D /* LaunchScreen.storyboard in Resources */ = {isa = PBXBuildFile; fileRef = CAC6ABC1214911BE0070274D /* LaunchScreen.storyboard */; };
		CAC6ABCD214912090070274D /* Common.swift in Sources */ = {isa = PBXBuildFile; fileRef = CAC6ABCC214912090070274D /* Common.swift */; };
		CAC6ABCF2149EFEF0070274D /* BaseViewController.swift in Sources */ = {isa = PBXBuildFile; fileRef = CAC6ABCE2149EFEF0070274D /* BaseViewController.swift */; };
		CAC6ABD22149F03A0070274D /* CurryingController.swift in Sources */ = {isa = PBXBuildFile; fileRef = CAC6ABD12149F03A0070274D /* CurryingController.swift */; };
		CAC6ABD5214A01CB0070274D /* MutatingController.swift in Sources */ = {isa = PBXBuildFile; fileRef = CAC6ABD4214A01CB0070274D /* MutatingController.swift */; };
		CAC6ABD8214A038E0070274D /* SequenceController.swift in Sources */ = {isa = PBXBuildFile; fileRef = CAC6ABD7214A038E0070274D /* SequenceController.swift */; };
		CAC6ABDB214A082F0070274D /* TupleController.swift in Sources */ = {isa = PBXBuildFile; fileRef = CAC6ABDA214A082F0070274D /* TupleController.swift */; };
		CAC6ABDE214A0B1D0070274D /* AutoclosureController.swift in Sources */ = {isa = PBXBuildFile; fileRef = CAC6ABDD214A0B1D0070274D /* AutoclosureController.swift */; };
		CAC6ABE1214A0EE80070274D /* EscapingController.swift in Sources */ = {isa = PBXBuildFile; fileRef = CAC6ABE0214A0EE80070274D /* EscapingController.swift */; };
		CAC6ABE4214A28470070274D /* OptionalChainingController.swift in Sources */ = {isa = PBXBuildFile; fileRef = CAC6ABE3214A28470070274D /* OptionalChainingController.swift */; };
		CAC6ABE7214A2C2B0070274D /* OperatorController.swift in Sources */ = {isa = PBXBuildFile; fileRef = CAC6ABE6214A2C2B0070274D /* OperatorController.swift */; };
		CAC6ABEA214A316B0070274D /* ModifierController.swift in Sources */ = {isa = PBXBuildFile; fileRef = CAC6ABE9214A316B0070274D /* ModifierController.swift */; };
		CAC6ABED214A35F60070274D /* IiteralController.swift in Sources */ = {isa = PBXBuildFile; fileRef = CAC6ABEC214A35F60070274D /* IiteralController.swift */; };
		CAC6ABF0214A3EF30070274D /* SubscriptController.swift in Sources */ = {isa = PBXBuildFile; fileRef = CAC6ABEF214A3EF30070274D /* SubscriptController.swift */; };
		CAC6ABF3214A44D60070274D /* FuncNestController.swift in Sources */ = {isa = PBXBuildFile; fileRef = CAC6ABF2214A44D60070274D /* FuncNestController.swift */; };
		CAC6ABF6214A46E00070274D /* MoudelController.swift in Sources */ = {isa = PBXBuildFile; fileRef = CAC6ABF5214A46E00070274D /* MoudelController.swift */; };
		CAC6ABF9214A493B0070274D /* TypealiasController.swift in Sources */ = {isa = PBXBuildFile; fileRef = CAC6ABF8214A493B0070274D /* TypealiasController.swift */; };
		CAC6ABFC214A4DDA0070274D /* AssociatedypeController.swift in Sources */ = {isa = PBXBuildFile; fileRef = CAC6ABFB214A4DDA0070274D /* AssociatedypeController.swift */; };
		CAC6ABFF214A56920070274D /* MutParamsController.swift in Sources */ = {isa = PBXBuildFile; fileRef = CAC6ABFE214A56920070274D /* MutParamsController.swift */; };
		CAC6AC02214A58320070274D /* InitialOrderController.swift in Sources */ = {isa = PBXBuildFile; fileRef = CAC6AC01214A58320070274D /* InitialOrderController.swift */; };
		CAC6AC05214A5A480070274D /* InitialCategoryController.swift in Sources */ = {isa = PBXBuildFile; fileRef = CAC6AC04214A5A480070274D /* InitialCategoryController.swift */; };
		CAC6AC08214A5E0C0070274D /* InitialReturnNilController.swift in Sources */ = {isa = PBXBuildFile; fileRef = CAC6AC07214A5E0C0070274D /* InitialReturnNilController.swift */; };
		CAC6AC0B214A600D0070274D /* Static_ClassController.swift in Sources */ = {isa = PBXBuildFile; fileRef = CAC6AC0A214A600D0070274D /* Static_ClassController.swift */; };
		CAC6AC0E214A61D70070274D /* SwiftCollectionController.swift in Sources */ = {isa = PBXBuildFile; fileRef = CAC6AC0D214A61D70070274D /* SwiftCollectionController.swift */; };
		CAC6AC11214A64910070274D /* DefaultParamController.swift in Sources */ = {isa = PBXBuildFile; fileRef = CAC6AC10214A64910070274D /* DefaultParamController.swift */; };
		CAC6AC14214A668D0070274D /* RegularController.swift in Sources */ = {isa = PBXBuildFile; fileRef = CAC6AC13214A668D0070274D /* RegularController.swift */; };
		CAC6AC17214B3D460070274D /* DimMatchController.swift in Sources */ = {isa = PBXBuildFile; fileRef = CAC6AC16214B3D460070274D /* DimMatchController.swift */; };
		CAC6AC1A214B45770070274D /* SectionController.swift in Sources */ = {isa = PBXBuildFile; fileRef = CAC6AC19214B45770070274D /* SectionController.swift */; };
		CAC6AC1D214B4C0D0070274D /* TypeController.swift in Sources */ = {isa = PBXBuildFile; fileRef = CAC6AC1C214B4C0D0070274D /* TypeController.swift */; };
		CAC6AC20214B51200070274D /* KeySelfController.swift in Sources */ = {isa = PBXBuildFile; fileRef = CAC6AC1F214B51200070274D /* KeySelfController.swift */; };
		CAC6AC23214B5E110070274D /* DynamicTypeController.swift in Sources */ = {isa = PBXBuildFile; fileRef = CAC6AC22214B5E110070274D /* DynamicTypeController.swift */; };
		CAC6AC26214B60E10070274D /* PropertyObserverController.swift in Sources */ = {isa = PBXBuildFile; fileRef = CAC6AC25214B60E10070274D /* PropertyObserverController.swift */; };
		CAC6AC29214B66230070274D /* FinalController.swift in Sources */ = {isa = PBXBuildFile; fileRef = CAC6AC28214B66230070274D /* FinalController.swift */; };
		CAC6AC2C214B79070070274D /* LazyController.swift in Sources */ = {isa = PBXBuildFile; fileRef = CAC6AC2B214B79070070274D /* LazyController.swift */; };
		CAC6AC2F214B7BD00070274D /* ReflectionController.swift in Sources */ = {isa = PBXBuildFile; fileRef = CAC6AC2E214B7BD00070274D /* ReflectionController.swift */; };
		CAC6AC32214B81F60070274D /* ImplicitUnpackOptionalController.swift in Sources */ = {isa = PBXBuildFile; fileRef = CAC6AC31214B81F60070274D /* ImplicitUnpackOptionalController.swift */; };
		CAC6AC35214B84EE0070274D /* MutilOptionalController.swift in Sources */ = {isa = PBXBuildFile; fileRef = CAC6AC34214B84EE0070274D /* MutilOptionalController.swift */; };
		CAC6AC38214B8C580070274D /* OptionalMapController.swift in Sources */ = {isa = PBXBuildFile; fileRef = CAC6AC37214B8C580070274D /* OptionalMapController.swift */; };
		CAC6AC3B214B90E90070274D /* ProtocolExtensionController.swift in Sources */ = {isa = PBXBuildFile; fileRef = CAC6AC3A214B90E90070274D /* ProtocolExtensionController.swift */; };
		CAC6AC3E214B9A610070274D /* WhereAndParttenController.swift in Sources */ = {isa = PBXBuildFile; fileRef = CAC6AC3D214B9A610070274D /* WhereAndParttenController.swift */; };
		CAC6AC41214BA17D0070274D /* IndirectEnumController.swift in Sources */ = {isa = PBXBuildFile; fileRef = CAC6AC40214BA17D0070274D /* IndirectEnumController.swift */; };
		CAC6AC44214BA6360070274D /* SelectorController.swift in Sources */ = {isa = PBXBuildFile; fileRef = CAC6AC43214BA6360070274D /* SelectorController.swift */; };
		CAC6AC47214BAAD80070274D /* InstanceMothodDynamicController.swift in Sources */ = {isa = PBXBuildFile; fileRef = CAC6AC46214BAAD80070274D /* InstanceMothodDynamicController.swift */; };
		CAC6AC4A214BAF2F0070274D /* SigletonController.swift in Sources */ = {isa = PBXBuildFile; fileRef = CAC6AC49214BAF2F0070274D /* SigletonController.swift */; };
		CAC6AC4D214BB0680070274D /* ConditionalCompilationController.swift in Sources */ = {isa = PBXBuildFile; fileRef = CAC6AC4C214BB0680070274D /* ConditionalCompilationController.swift */; };
		CAC6AC50214BB40E0070274D /* CompilerSignController.swift in Sources */ = {isa = PBXBuildFile; fileRef = CAC6AC4F214BB40E0070274D /* CompilerSignController.swift */; };
		CAC6AC53214BB5040070274D /* UIApplicationMainController.swift in Sources */ = {isa = PBXBuildFile; fileRef = CAC6AC52214BB5040070274D /* UIApplicationMainController.swift */; };
		CAEF7ACB2159CE1A00420632 /* DelegateController.swift in Sources */ = {isa = PBXBuildFile; fileRef = CAEF7ACA2159CE1A00420632 /* DelegateController.swift */; };
		CAEF7ACE2159D3E900420632 /* AssociatedObjectController.swift in Sources */ = {isa = PBXBuildFile; fileRef = CAEF7ACD2159D3E900420632 /* AssociatedObjectController.swift */; };
/* End PBXBuildFile section */

/* Begin PBXFileReference section */
		CA1503D72159DD0100922F30 /* LockController.swift */ = {isa = PBXFileReference; lastKnownFileType = sourcecode.swift; path = LockController.swift; sourceTree = "<group>"; };
		CA1503DA2159DFFA00922F30 /* UnmanagedController.swift */ = {isa = PBXFileReference; lastKnownFileType = sourcecode.swift; path = UnmanagedController.swift; sourceTree = "<group>"; };
		CA1503DD2159E4D000922F30 /* XCRunController.swift */ = {isa = PBXFileReference; lastKnownFileType = sourcecode.swift; path = XCRunController.swift; sourceTree = "<group>"; };
		CA1503E02159E67A00922F30 /* RandomNumberController.swift */ = {isa = PBXFileReference; lastKnownFileType = sourcecode.swift; path = RandomNumberController.swift; sourceTree = "<group>"; };
		CA1503E32159E86800922F30 /* DebugPrintController.swift */ = {isa = PBXFileReference; lastKnownFileType = sourcecode.swift; path = DebugPrintController.swift; sourceTree = "<group>"; };
		CA1503E62159F96C00922F30 /* ExceptionController.swift */ = {isa = PBXFileReference; lastKnownFileType = sourcecode.swift; path = ExceptionController.swift; sourceTree = "<group>"; };
		CA1503E92159FE4000922F30 /* AssertionController.swift */ = {isa = PBXFileReference; lastKnownFileType = sourcecode.swift; path = AssertionController.swift; sourceTree = "<group>"; };
		CA1503EC215A050C00922F30 /* FatalErrorController.swift */ = {isa = PBXFileReference; lastKnownFileType = sourcecode.swift; path = FatalErrorController.swift; sourceTree = "<group>"; };
		CA1503EF215A078100922F30 /* FrameworkController.swift */ = {isa = PBXFileReference; lastKnownFileType = sourcecode.swift; path = FrameworkController.swift; sourceTree = "<group>"; };
		CA1503F2215A0A6D00922F30 /* SourceOrganizeController.swift */ = {isa = PBXFileReference; lastKnownFileType = sourcecode.swift; path = SourceOrganizeController.swift; sourceTree = "<group>"; };
		CA1503F6215A0D1F00922F30 /* PlaygroundDelayController.swift */ = {isa = PBXFileReference; lastKnownFileType = sourcecode.swift; path = PlaygroundDelayController.swift; sourceTree = "<group>"; };
		CA1503F9215A0F0B00922F30 /* PlaygroundController.swift */ = {isa = PBXFileReference; lastKnownFileType = sourcecode.swift; path = PlaygroundController.swift; sourceTree = "<group>"; };
		CA1503FC215A143600922F30 /* MathController.swift */ = {isa = PBXFileReference; lastKnownFileType = sourcecode.swift; path = MathController.swift; sourceTree = "<group>"; };
		CA1503FF215A17BE00922F30 /* CodableController.swift */ = {isa = PBXFileReference; lastKnownFileType = sourcecode.swift; path = CodableController.swift; sourceTree = "<group>"; };
		CA150402215A226500922F30 /* NSNullController.swift */ = {isa = PBXFileReference; lastKnownFileType = sourcecode.swift; path = NSNullController.swift; sourceTree = "<group>"; };
		CA150405215A253D00922F30 /* DocumentAnnotionController.swift */ = {isa = PBXFileReference; lastKnownFileType = sourcecode.swift; path = DocumentAnnotionController.swift; sourceTree = "<group>"; };
		CA150408215A2F4600922F30 /* PerformanceController.swift */ = {isa = PBXFileReference; lastKnownFileType = sourcecode.swift; path = PerformanceController.swift; sourceTree = "<group>"; };
		CA15040B215A311F00922F30 /* LogController.swift */ = {isa = PBXFileReference; lastKnownFileType = sourcecode.swift; path = LogController.swift; sourceTree = "<group>"; };
		CA15040E215A336A00922F30 /* OverflowController.swift */ = {isa = PBXFileReference; lastKnownFileType = sourcecode.swift; path = OverflowController.swift; sourceTree = "<group>"; };
		CA150411215A34F800922F30 /* DefineController.swift */ = {isa = PBXFileReference; lastKnownFileType = sourcecode.swift; path = DefineController.swift; sourceTree = "<group>"; };
		CA150414215A367C00922F30 /* PropertyCallControlController.swift */ = {isa = PBXFileReference; lastKnownFileType = sourcecode.swift; path = PropertyCallControlController.swift; sourceTree = "<group>"; };
		CA150417215A387A00922F30 /* SwiftTestController.swift */ = {isa = PBXFileReference; lastKnownFileType = sourcecode.swift; path = SwiftTestController.swift; sourceTree = "<group>"; };
		CA15041A215A398600922F30 /* CoreDataController.swift */ = {isa = PBXFileReference; lastKnownFileType = sourcecode.swift; path = CoreDataController.swift; sourceTree = "<group>"; };
		CA2EB60D215B14020036C8F1 /* ClourerAmbigutyController.swift */ = {isa = PBXFileReference; lastKnownFileType = sourcecode.swift; path = ClourerAmbigutyController.swift; sourceTree = "<group>"; };
		CA2EB610215B19690036C8F1 /* GenericityExtensionController.swift */ = {isa = PBXFileReference; lastKnownFileType = sourcecode.swift; path = GenericityExtensionController.swift; sourceTree = "<group>"; };
		CA2EB613215B1F810036C8F1 /* ListEnumController.swift */ = {isa = PBXFileReference; lastKnownFileType = sourcecode.swift; path = ListEnumController.swift; sourceTree = "<group>"; };
		CA2EB616215B24350036C8F1 /* TailRecursionController.swift */ = {isa = PBXFileReference; lastKnownFileType = sourcecode.swift; path = TailRecursionController.swift; sourceTree = "<group>"; };
		CA34D4CE2151EAFA00501F56 /* DynamicObjcController.swift */ = {isa = PBXFileReference; lastKnownFileType = sourcecode.swift; path = DynamicObjcController.swift; sourceTree = "<group>"; };
		CA34D4D12151EF8A00501F56 /* AboutProtocolController.swift */ = {isa = PBXFileReference; lastKnownFileType = sourcecode.swift; path = AboutProtocolController.swift; sourceTree = "<group>"; };
		CA34F2F62151FC3100436583 /* AutoreleasepoolController.swift */ = {isa = PBXFileReference; lastKnownFileType = sourcecode.swift; path = AutoreleasepoolController.swift; sourceTree = "<group>"; };
		CA34F2F92151FE7A00436583 /* ValueRefrenceTypeController.swift */ = {isa = PBXFileReference; lastKnownFileType = sourcecode.swift; path = ValueRefrenceTypeController.swift; sourceTree = "<group>"; };
		CA34F2FD2152005800436583 /* StringController.swift */ = {isa = PBXFileReference; lastKnownFileType = sourcecode.swift; path = StringController.swift; sourceTree = "<group>"; };
		CA34F300215212C800436583 /* UnsafePointerController.swift */ = {isa = PBXFileReference; lastKnownFileType = sourcecode.swift; path = UnsafePointerController.swift; sourceTree = "<group>"; };
		CA34F303215215E900436583 /* CallGCDController.swift */ = {isa = PBXFileReference; lastKnownFileType = sourcecode.swift; path = CallGCDController.swift; sourceTree = "<group>"; };
		CA34F30621521B7500436583 /* GetObjectTypeController.swift */ = {isa = PBXFileReference; lastKnownFileType = sourcecode.swift; path = GetObjectTypeController.swift; sourceTree = "<group>"; };
		CA34F30921521D1600436583 /* IntrospactionController.swift */ = {isa = PBXFileReference; lastKnownFileType = sourcecode.swift; path = IntrospactionController.swift; sourceTree = "<group>"; };
		CA34F30C21521E8000436583 /* KVOKeyPathController.swift */ = {isa = PBXFileReference; lastKnownFileType = sourcecode.swift; path = KVOKeyPathController.swift; sourceTree = "<group>"; };
		CA34F30F2152265900436583 /* ScopeController.swift */ = {isa = PBXFileReference; lastKnownFileType = sourcecode.swift; path = ScopeController.swift; sourceTree = "<group>"; };
		CA34F312215229F800436583 /* ConfirmEqualeController.swift */ = {isa = PBXFileReference; lastKnownFileType = sourcecode.swift; path = ConfirmEqualeController.swift; sourceTree = "<group>"; };
		CA34F3152152300C00436583 /* TestHashController.swift */ = {isa = PBXFileReference; lastKnownFileType = sourcecode.swift; path = TestHashController.swift; sourceTree = "<group>"; };
		CA34F318215337EC00436583 /* ClassClusterController.swift */ = {isa = PBXFileReference; lastKnownFileType = sourcecode.swift; path = ClassClusterController.swift; sourceTree = "<group>"; };
		CA34F31B21533A3D00436583 /* CallCFramewrokController.swift */ = {isa = PBXFileReference; lastKnownFileType = sourcecode.swift; path = CallCFramewrokController.swift; sourceTree = "<group>"; };
		CA34F31E21533C7400436583 /* PretyPrintController.swift */ = {isa = PBXFileReference; lastKnownFileType = sourcecode.swift; path = PretyPrintController.swift; sourceTree = "<group>"; };
		CA34F32121533D4900436583 /* OptionsController.swift */ = {isa = PBXFileReference; lastKnownFileType = sourcecode.swift; path = OptionsController.swift; sourceTree = "<group>"; };
		CA34F32421533FE000436583 /* ArrayEnumerateController.swift */ = {isa = PBXFileReference; lastKnownFileType = sourcecode.swift; path = ArrayEnumerateController.swift; sourceTree = "<group>"; };
		CA34F3272153426D00436583 /* Encode@Controller.swift */ = {isa = PBXFileReference; lastKnownFileType = sourcecode.swift; path = "Encode@Controller.swift"; sourceTree = "<group>"; };
		CA34F32A2153470800436583 /* CallCAsmnameController.swift */ = {isa = PBXFileReference; lastKnownFileType = sourcecode.swift; path = CallCAsmnameController.swift; sourceTree = "<group>"; };
		CAB748362151F2C000E8E07C /* RatainCountController.swift */ = {isa = PBXFileReference; lastKnownFileType = sourcecode.swift; path = RatainCountController.swift; sourceTree = "<group>"; };
		CAB748392151F74200E8E07C /* ClosureCyleController.swift */ = {isa = PBXFileReference; lastKnownFileType = sourcecode.swift; path = ClosureCyleController.swift; sourceTree = "<group>"; };
		CAC6ABB5214911BB0070274D /* Swift-100-tips-study.app */ = {isa = PBXFileReference; explicitFileType = wrapper.application; includeInIndex = 0; path = "Swift-100-tips-study.app"; sourceTree = BUILT_PRODUCTS_DIR; };
		CAC6ABB8214911BC0070274D /* AppDelegate.swift */ = {isa = PBXFileReference; lastKnownFileType = sourcecode.swift; path = AppDelegate.swift; sourceTree = "<group>"; };
		CAC6ABBA214911BC0070274D /* ViewController.swift */ = {isa = PBXFileReference; lastKnownFileType = sourcecode.swift; path = ViewController.swift; sourceTree = "<group>"; };
		CAC6ABBD214911BC0070274D /* Base */ = {isa = PBXFileReference; lastKnownFileType = file.storyboard; name = Base; path = Base.lproj/Main.storyboard; sourceTree = "<group>"; };
		CAC6ABBF214911BE0070274D /* Assets.xcassets */ = {isa = PBXFileReference; lastKnownFileType = folder.assetcatalog; path = Assets.xcassets; sourceTree = "<group>"; };
		CAC6ABC2214911BE0070274D /* Base */ = {isa = PBXFileReference; lastKnownFileType = file.storyboard; name = Base; path = Base.lproj/LaunchScreen.storyboard; sourceTree = "<group>"; };
		CAC6ABC4214911BE0070274D /* Info.plist */ = {isa = PBXFileReference; lastKnownFileType = text.plist.xml; path = Info.plist; sourceTree = "<group>"; };
		CAC6ABCC214912090070274D /* Common.swift */ = {isa = PBXFileReference; lastKnownFileType = sourcecode.swift; path = Common.swift; sourceTree = "<group>"; };
		CAC6ABCE2149EFEF0070274D /* BaseViewController.swift */ = {isa = PBXFileReference; lastKnownFileType = sourcecode.swift; path = BaseViewController.swift; sourceTree = "<group>"; };
		CAC6ABD12149F03A0070274D /* CurryingController.swift */ = {isa = PBXFileReference; lastKnownFileType = sourcecode.swift; path = CurryingController.swift; sourceTree = "<group>"; };
		CAC6ABD4214A01CB0070274D /* MutatingController.swift */ = {isa = PBXFileReference; lastKnownFileType = sourcecode.swift; path = MutatingController.swift; sourceTree = "<group>"; };
		CAC6ABD7214A038E0070274D /* SequenceController.swift */ = {isa = PBXFileReference; lastKnownFileType = sourcecode.swift; path = SequenceController.swift; sourceTree = "<group>"; };
		CAC6ABDA214A082F0070274D /* TupleController.swift */ = {isa = PBXFileReference; lastKnownFileType = sourcecode.swift; path = TupleController.swift; sourceTree = "<group>"; };
		CAC6ABDD214A0B1D0070274D /* AutoclosureController.swift */ = {isa = PBXFileReference; lastKnownFileType = sourcecode.swift; path = AutoclosureController.swift; sourceTree = "<group>"; };
		CAC6ABE0214A0EE80070274D /* EscapingController.swift */ = {isa = PBXFileReference; lastKnownFileType = sourcecode.swift; path = EscapingController.swift; sourceTree = "<group>"; };
		CAC6ABE3214A28470070274D /* OptionalChainingController.swift */ = {isa = PBXFileReference; lastKnownFileType = sourcecode.swift; path = OptionalChainingController.swift; sourceTree = "<group>"; };
		CAC6ABE6214A2C2B0070274D /* OperatorController.swift */ = {isa = PBXFileReference; lastKnownFileType = sourcecode.swift; path = OperatorController.swift; sourceTree = "<group>"; };
		CAC6ABE9214A316B0070274D /* ModifierController.swift */ = {isa = PBXFileReference; lastKnownFileType = sourcecode.swift; path = ModifierController.swift; sourceTree = "<group>"; };
		CAC6ABEC214A35F60070274D /* IiteralController.swift */ = {isa = PBXFileReference; lastKnownFileType = sourcecode.swift; path = IiteralController.swift; sourceTree = "<group>"; };
		CAC6ABEF214A3EF30070274D /* SubscriptController.swift */ = {isa = PBXFileReference; lastKnownFileType = sourcecode.swift; path = SubscriptController.swift; sourceTree = "<group>"; };
		CAC6ABF2214A44D60070274D /* FuncNestController.swift */ = {isa = PBXFileReference; lastKnownFileType = sourcecode.swift; path = FuncNestController.swift; sourceTree = "<group>"; };
		CAC6ABF5214A46E00070274D /* MoudelController.swift */ = {isa = PBXFileReference; lastKnownFileType = sourcecode.swift; path = MoudelController.swift; sourceTree = "<group>"; };
		CAC6ABF8214A493B0070274D /* TypealiasController.swift */ = {isa = PBXFileReference; lastKnownFileType = sourcecode.swift; path = TypealiasController.swift; sourceTree = "<group>"; };
		CAC6ABFB214A4DDA0070274D /* AssociatedypeController.swift */ = {isa = PBXFileReference; lastKnownFileType = sourcecode.swift; path = AssociatedypeController.swift; sourceTree = "<group>"; };
		CAC6ABFE214A56920070274D /* MutParamsController.swift */ = {isa = PBXFileReference; lastKnownFileType = sourcecode.swift; path = MutParamsController.swift; sourceTree = "<group>"; };
		CAC6AC01214A58320070274D /* InitialOrderController.swift */ = {isa = PBXFileReference; lastKnownFileType = sourcecode.swift; path = InitialOrderController.swift; sourceTree = "<group>"; };
		CAC6AC04214A5A480070274D /* InitialCategoryController.swift */ = {isa = PBXFileReference; lastKnownFileType = sourcecode.swift; path = InitialCategoryController.swift; sourceTree = "<group>"; };
		CAC6AC07214A5E0C0070274D /* InitialReturnNilController.swift */ = {isa = PBXFileReference; lastKnownFileType = sourcecode.swift; path = InitialReturnNilController.swift; sourceTree = "<group>"; };
		CAC6AC0A214A600D0070274D /* Static_ClassController.swift */ = {isa = PBXFileReference; lastKnownFileType = sourcecode.swift; path = Static_ClassController.swift; sourceTree = "<group>"; };
		CAC6AC0D214A61D70070274D /* SwiftCollectionController.swift */ = {isa = PBXFileReference; lastKnownFileType = sourcecode.swift; path = SwiftCollectionController.swift; sourceTree = "<group>"; };
		CAC6AC10214A64910070274D /* DefaultParamController.swift */ = {isa = PBXFileReference; lastKnownFileType = sourcecode.swift; path = DefaultParamController.swift; sourceTree = "<group>"; };
		CAC6AC13214A668D0070274D /* RegularController.swift */ = {isa = PBXFileReference; lastKnownFileType = sourcecode.swift; path = RegularController.swift; sourceTree = "<group>"; };
		CAC6AC16214B3D460070274D /* DimMatchController.swift */ = {isa = PBXFileReference; lastKnownFileType = sourcecode.swift; path = DimMatchController.swift; sourceTree = "<group>"; };
		CAC6AC19214B45770070274D /* SectionController.swift */ = {isa = PBXFileReference; lastKnownFileType = sourcecode.swift; path = SectionController.swift; sourceTree = "<group>"; };
		CAC6AC1C214B4C0D0070274D /* TypeController.swift */ = {isa = PBXFileReference; lastKnownFileType = sourcecode.swift; path = TypeController.swift; sourceTree = "<group>"; };
		CAC6AC1F214B51200070274D /* KeySelfController.swift */ = {isa = PBXFileReference; lastKnownFileType = sourcecode.swift; path = KeySelfController.swift; sourceTree = "<group>"; };
		CAC6AC22214B5E110070274D /* DynamicTypeController.swift */ = {isa = PBXFileReference; lastKnownFileType = sourcecode.swift; path = DynamicTypeController.swift; sourceTree = "<group>"; };
		CAC6AC25214B60E10070274D /* PropertyObserverController.swift */ = {isa = PBXFileReference; lastKnownFileType = sourcecode.swift; path = PropertyObserverController.swift; sourceTree = "<group>"; };
		CAC6AC28214B66230070274D /* FinalController.swift */ = {isa = PBXFileReference; lastKnownFileType = sourcecode.swift; path = FinalController.swift; sourceTree = "<group>"; };
		CAC6AC2B214B79070070274D /* LazyController.swift */ = {isa = PBXFileReference; lastKnownFileType = sourcecode.swift; path = LazyController.swift; sourceTree = "<group>"; };
		CAC6AC2E214B7BD00070274D /* ReflectionController.swift */ = {isa = PBXFileReference; lastKnownFileType = sourcecode.swift; path = ReflectionController.swift; sourceTree = "<group>"; };
		CAC6AC31214B81F60070274D /* ImplicitUnpackOptionalController.swift */ = {isa = PBXFileReference; lastKnownFileType = sourcecode.swift; path = ImplicitUnpackOptionalController.swift; sourceTree = "<group>"; };
		CAC6AC34214B84EE0070274D /* MutilOptionalController.swift */ = {isa = PBXFileReference; lastKnownFileType = sourcecode.swift; path = MutilOptionalController.swift; sourceTree = "<group>"; };
		CAC6AC37214B8C580070274D /* OptionalMapController.swift */ = {isa = PBXFileReference; lastKnownFileType = sourcecode.swift; path = OptionalMapController.swift; sourceTree = "<group>"; };
		CAC6AC3A214B90E90070274D /* ProtocolExtensionController.swift */ = {isa = PBXFileReference; lastKnownFileType = sourcecode.swift; path = ProtocolExtensionController.swift; sourceTree = "<group>"; };
		CAC6AC3D214B9A610070274D /* WhereAndParttenController.swift */ = {isa = PBXFileReference; lastKnownFileType = sourcecode.swift; path = WhereAndParttenController.swift; sourceTree = "<group>"; };
		CAC6AC40214BA17D0070274D /* IndirectEnumController.swift */ = {isa = PBXFileReference; lastKnownFileType = sourcecode.swift; path = IndirectEnumController.swift; sourceTree = "<group>"; };
		CAC6AC43214BA6360070274D /* SelectorController.swift */ = {isa = PBXFileReference; lastKnownFileType = sourcecode.swift; path = SelectorController.swift; sourceTree = "<group>"; };
		CAC6AC46214BAAD80070274D /* InstanceMothodDynamicController.swift */ = {isa = PBXFileReference; lastKnownFileType = sourcecode.swift; path = InstanceMothodDynamicController.swift; sourceTree = "<group>"; };
		CAC6AC49214BAF2F0070274D /* SigletonController.swift */ = {isa = PBXFileReference; lastKnownFileType = sourcecode.swift; path = SigletonController.swift; sourceTree = "<group>"; };
		CAC6AC4C214BB0680070274D /* ConditionalCompilationController.swift */ = {isa = PBXFileReference; lastKnownFileType = sourcecode.swift; path = ConditionalCompilationController.swift; sourceTree = "<group>"; };
		CAC6AC4F214BB40E0070274D /* CompilerSignController.swift */ = {isa = PBXFileReference; lastKnownFileType = sourcecode.swift; path = CompilerSignController.swift; sourceTree = "<group>"; };
		CAC6AC52214BB5040070274D /* UIApplicationMainController.swift */ = {isa = PBXFileReference; lastKnownFileType = sourcecode.swift; path = UIApplicationMainController.swift; sourceTree = "<group>"; };
		CAEF7ACA2159CE1A00420632 /* DelegateController.swift */ = {isa = PBXFileReference; lastKnownFileType = sourcecode.swift; path = DelegateController.swift; sourceTree = "<group>"; };
		CAEF7ACD2159D3E900420632 /* AssociatedObjectController.swift */ = {isa = PBXFileReference; lastKnownFileType = sourcecode.swift; path = AssociatedObjectController.swift; sourceTree = "<group>"; };
/* End PBXFileReference section */

/* Begin PBXFrameworksBuildPhase section */
		CAC6ABB2214911BB0070274D /* Frameworks */ = {
			isa = PBXFrameworksBuildPhase;
			buildActionMask = 2147483647;
			files = (
			);
			runOnlyForDeploymentPostprocessing = 0;
		};
/* End PBXFrameworksBuildPhase section */

/* Begin PBXGroup section */
		CA1503D62159DCDD00922F30 /* 069 - Lock */ = {
			isa = PBXGroup;
			children = (
				CA1503D72159DD0100922F30 /* LockController.swift */,
			);
			path = "069 - Lock";
			sourceTree = "<group>";
		};
		CA1503D92159DFC500922F30 /* 070 - Tool-Free Bridging 和 Unmanaged */ = {
			isa = PBXGroup;
			children = (
				CA1503DA2159DFFA00922F30 /* UnmanagedController.swift */,
			);
			path = "070 - Tool-Free Bridging 和 Unmanaged";
			sourceTree = "<group>";
		};
		CA1503DC2159E46200922F30 /* 071 - Swift 命令行工具 */ = {
			isa = PBXGroup;
			children = (
				CA1503DD2159E4D000922F30 /* XCRunController.swift */,
			);
			path = "071 - Swift 命令行工具";
			sourceTree = "<group>";
		};
		CA1503DF2159E63C00922F30 /* 072 - 随机数生成 */ = {
			isa = PBXGroup;
			children = (
				CA1503E02159E67A00922F30 /* RandomNumberController.swift */,
			);
			path = "072 - 随机数生成";
			sourceTree = "<group>";
		};
		CA1503E22159E84B00922F30 /* 073 - print 和 debugPrint */ = {
			isa = PBXGroup;
			children = (
				CA1503E32159E86800922F30 /* DebugPrintController.swift */,
			);
			path = "073 - print 和 debugPrint";
			sourceTree = "<group>";
		};
		CA1503E52159F94500922F30 /* 074 - 错误和异常处理 */ = {
			isa = PBXGroup;
			children = (
				CA1503E62159F96C00922F30 /* ExceptionController.swift */,
			);
			path = "074 - 错误和异常处理";
			sourceTree = "<group>";
		};
		CA1503E82159FE2700922F30 /* 075 - 断言 */ = {
			isa = PBXGroup;
			children = (
				CA1503E92159FE4000922F30 /* AssertionController.swift */,
			);
			path = "075 - 断言";
			sourceTree = "<group>";
		};
		CA1503EB215A04F000922F30 /* 076 - fatalError */ = {
			isa = PBXGroup;
			children = (
				CA1503EC215A050C00922F30 /* FatalErrorController.swift */,
			);
			path = "076 - fatalError";
			sourceTree = "<group>";
		};
		CA1503EE215A076000922F30 /* 077 - 代码组织和Framework */ = {
			isa = PBXGroup;
			children = (
				CA1503EF215A078100922F30 /* FrameworkController.swift */,
			);
			path = "077 - 代码组织和Framework";
			sourceTree = "<group>";
		};
		CA1503F1215A0A2C00922F30 /* 078 - 安全的资源组织方式 */ = {
			isa = PBXGroup;
			children = (
				CA1503F2215A0A6D00922F30 /* SourceOrganizeController.swift */,
			);
			path = "078 - 安全的资源组织方式";
			sourceTree = "<group>";
		};
		CA1503F4215A0CE700922F30 /* 079- playground 延时运行 */ = {
			isa = PBXGroup;
			children = (
				CA1503F6215A0D1F00922F30 /* PlaygroundDelayController.swift */,
			);
			path = "079- playground 延时运行";
			sourceTree = "<group>";
		};
		CA1503F8215A0EB800922F30 /* 080 - playground 与项目合作 */ = {
			isa = PBXGroup;
			children = (
				CA1503F9215A0F0B00922F30 /* PlaygroundController.swift */,
			);
			path = "080 - playground 与项目合作";
			sourceTree = "<group>";
		};
		CA1503FB215A141900922F30 /* 081 - 数学和数字 */ = {
			isa = PBXGroup;
			children = (
				CA1503FC215A143600922F30 /* MathController.swift */,
			);
			path = "081 - 数学和数字";
			sourceTree = "<group>";
		};
		CA1503FE215A179200922F30 /* 082 - JSON 和 Codable */ = {
			isa = PBXGroup;
			children = (
				CA1503FF215A17BE00922F30 /* CodableController.swift */,
			);
			path = "082 - JSON 和 Codable";
			sourceTree = "<group>";
		};
		CA150401215A225200922F30 /* 083 - NSNull */ = {
			isa = PBXGroup;
			children = (
				CA150402215A226500922F30 /* NSNullController.swift */,
			);
			path = "083 - NSNull";
			sourceTree = "<group>";
		};
		CA150404215A252000922F30 /* 084 - 文档注释 */ = {
			isa = PBXGroup;
			children = (
				CA150405215A253D00922F30 /* DocumentAnnotionController.swift */,
			);
			path = "084 - 文档注释";
			sourceTree = "<group>";
		};
		CA150407215A2F0C00922F30 /* 085 - 性能考虑 */ = {
			isa = PBXGroup;
			children = (
				CA150408215A2F4600922F30 /* PerformanceController.swift */,
			);
			path = "085 - 性能考虑";
			sourceTree = "<group>";
		};
		CA15040A215A310900922F30 /* 086 - Log 输出 */ = {
			isa = PBXGroup;
			children = (
				CA15040B215A311F00922F30 /* LogController.swift */,
			);
			path = "086 - Log 输出";
			sourceTree = "<group>";
		};
		CA15040D215A335700922F30 /* 087 - 溢出 */ = {
			isa = PBXGroup;
			children = (
				CA15040E215A336A00922F30 /* OverflowController.swift */,
			);
			path = "087 - 溢出";
			sourceTree = "<group>";
		};
		CA150410215A34E300922F30 /* 088 - 宏定义 define */ = {
			isa = PBXGroup;
			children = (
				CA150411215A34F800922F30 /* DefineController.swift */,
			);
			path = "088 - 宏定义 define";
			sourceTree = "<group>";
		};
		CA150413215A364800922F30 /* 089 - 属性访问控制 */ = {
			isa = PBXGroup;
			children = (
				CA150414215A367C00922F30 /* PropertyCallControlController.swift */,
			);
			path = "089 - 属性访问控制";
			sourceTree = "<group>";
		};
		CA150416215A386700922F30 /* 090 - Swift中的测试 */ = {
			isa = PBXGroup;
			children = (
				CA150417215A387A00922F30 /* SwiftTestController.swift */,
			);
			path = "090 - Swift中的测试";
			sourceTree = "<group>";
		};
		CA150419215A396B00922F30 /* 091 - Core Data */ = {
			isa = PBXGroup;
			children = (
				CA15041A215A398600922F30 /* CoreDataController.swift */,
			);
			path = "091 - Core Data";
			sourceTree = "<group>";
		};
		CA2EB60C215B13B90036C8F1 /* 092 - 闭包歧义 */ = {
			isa = PBXGroup;
			children = (
				CA2EB60D215B14020036C8F1 /* ClourerAmbigutyController.swift */,
			);
			path = "092 - 闭包歧义";
			sourceTree = "<group>";
		};
		CA2EB60F215B193B0036C8F1 /* 093- 泛型拓展 */ = {
			isa = PBXGroup;
			children = (
				CA2EB610215B19690036C8F1 /* GenericityExtensionController.swift */,
			);
			path = "093- 泛型拓展";
			sourceTree = "<group>";
		};
		CA2EB612215B1F640036C8F1 /* 094- 列举 enum 类型 */ = {
			isa = PBXGroup;
			children = (
				CA2EB613215B1F810036C8F1 /* ListEnumController.swift */,
			);
			path = "094- 列举 enum 类型";
			sourceTree = "<group>";
		};
		CA2EB615215B23F90036C8F1 /* 095 - 尾递归 */ = {
			isa = PBXGroup;
			children = (
				CA2EB616215B24350036C8F1 /* TailRecursionController.swift */,
			);
			path = "095 - 尾递归";
			sourceTree = "<group>";
		};
		CA34D4CD2151EABD00501F56 /* 045-@objc和dynamic */ = {
			isa = PBXGroup;
			children = (
				CA34D4CE2151EAFA00501F56 /* DynamicObjcController.swift */,
			);
			path = "045-@objc和dynamic";
			sourceTree = "<group>";
		};
		CA34D4D02151EF6500501F56 /* 046-可选协议和协议扩展 */ = {
			isa = PBXGroup;
			children = (
				CA34D4D12151EF8A00501F56 /* AboutProtocolController.swift */,
			);
			path = "046-可选协议和协议扩展";
			sourceTree = "<group>";
		};
		CA34F2F52151FC0B00436583 /* 049-@autoreleasepool */ = {
			isa = PBXGroup;
			children = (
				CA34F2F62151FC3100436583 /* AutoreleasepoolController.swift */,
			);
			path = "049-@autoreleasepool";
			sourceTree = "<group>";
		};
		CA34F2F82151FE4900436583 /* 050-值类型和引用类型 */ = {
			isa = PBXGroup;
			children = (
				CA34F2F92151FE7A00436583 /* ValueRefrenceTypeController.swift */,
			);
			path = "050-值类型和引用类型";
			sourceTree = "<group>";
		};
		CA34F2FB2152003600436583 /* 051-String还是NSString */ = {
			isa = PBXGroup;
			children = (
				CA34F2FD2152005800436583 /* StringController.swift */,
			);
			path = "051-String还是NSString";
			sourceTree = "<group>";
		};
		CA34F2FF215212AA00436583 /* 052-UnsafePointer */ = {
			isa = PBXGroup;
			children = (
				CA34F300215212C800436583 /* UnsafePointerController.swift */,
			);
			path = "052-UnsafePointer";
			sourceTree = "<group>";
		};
		CA34F302215215A400436583 /* 053-GCD和延迟调用 */ = {
			isa = PBXGroup;
			children = (
				CA34F303215215E900436583 /* CallGCDController.swift */,
			);
			path = "053-GCD和延迟调用";
			sourceTree = "<group>";
		};
		CA34F30521521B5700436583 /* 054-获取对象类型 */ = {
			isa = PBXGroup;
			children = (
				CA34F30621521B7500436583 /* GetObjectTypeController.swift */,
			);
			path = "054-获取对象类型";
			sourceTree = "<group>";
		};
		CA34F30821521CC600436583 /* 055- 自省 */ = {
			isa = PBXGroup;
			children = (
				CA34F30921521D1600436583 /* IntrospactionController.swift */,
			);
			path = "055- 自省";
			sourceTree = "<group>";
		};
		CA34F30B21521E6000436583 /* 056-KeyPath和KVO */ = {
			isa = PBXGroup;
			children = (
				CA34F30C21521E8000436583 /* KVOKeyPathController.swift */,
			);
			path = "056-KeyPath和KVO";
			sourceTree = "<group>";
		};
		CA34F30E2152264100436583 /* 057- 局部Scope */ = {
			isa = PBXGroup;
			children = (
				CA34F30F2152265900436583 /* ScopeController.swift */,
			);
			path = "057- 局部Scope";
			sourceTree = "<group>";
		};
		CA34F311215229A200436583 /* 058- 判等 */ = {
			isa = PBXGroup;
			children = (
				CA34F312215229F800436583 /* ConfirmEqualeController.swift */,
			);
			path = "058- 判等";
			sourceTree = "<group>";
		};
		CA34F31421522FF300436583 /* 059-哈希 */ = {
			isa = PBXGroup;
			children = (
				CA34F3152152300C00436583 /* TestHashController.swift */,
			);
			path = "059-哈希";
			sourceTree = "<group>";
		};
		CA34F3172153379600436583 /* 060-类簇 */ = {
			isa = PBXGroup;
			children = (
				CA34F318215337EC00436583 /* ClassClusterController.swift */,
			);
			path = "060-类簇";
			sourceTree = "<group>";
		};
		CA34F31A21533A1B00436583 /* 061-调用C动态库 */ = {
			isa = PBXGroup;
			children = (
				CA34F31B21533A3D00436583 /* CallCFramewrokController.swift */,
			);
			path = "061-调用C动态库";
			sourceTree = "<group>";
		};
		CA34F31D21533C5100436583 /* 062-输出格式化 */ = {
			isa = PBXGroup;
			children = (
				CA34F31E21533C7400436583 /* PretyPrintController.swift */,
			);
			path = "062-输出格式化";
			sourceTree = "<group>";
		};
		CA34F32021533D3500436583 /* 063-Options */ = {
			isa = PBXGroup;
			children = (
				CA34F32121533D4900436583 /* OptionsController.swift */,
			);
			path = "063-Options";
			sourceTree = "<group>";
		};
		CA34F32321533FC300436583 /* 064- 数组 enumerate */ = {
			isa = PBXGroup;
			children = (
				CA34F32421533FE000436583 /* ArrayEnumerateController.swift */,
			);
			path = "064- 数组 enumerate";
			sourceTree = "<group>";
		};
		CA34F3262153424600436583 /* 065- 类型编码 @encode */ = {
			isa = PBXGroup;
			children = (
				CA34F3272153426D00436583 /* Encode@Controller.swift */,
			);
			path = "065- 类型编码 @encode";
			sourceTree = "<group>";
		};
		CA34F329215346CD00436583 /* 066- 调用C代码和@asmname */ = {
			isa = PBXGroup;
			children = (
				CA34F32A2153470800436583 /* CallCAsmnameController.swift */,
			);
			path = "066- 调用C代码和@asmname";
			sourceTree = "<group>";
		};
		CA34F32C21534BE500436583 /* 067- delegate */ = {
			isa = PBXGroup;
			children = (
				CAEF7ACA2159CE1A00420632 /* DelegateController.swift */,
			);
			path = "067- delegate";
			sourceTree = "<group>";
		};
		CAB748352151F27900E8E07C /* 047-内存管理, weak和unowned */ = {
			isa = PBXGroup;
			children = (
				CAB748362151F2C000E8E07C /* RatainCountController.swift */,
			);
			path = "047-内存管理, weak和unowned";
			sourceTree = "<group>";
		};
		CAB748382151F70E00E8E07C /* 048-闭包循环引用 */ = {
			isa = PBXGroup;
			children = (
				CAB748392151F74200E8E07C /* ClosureCyleController.swift */,
			);
			path = "048-闭包循环引用";
			sourceTree = "<group>";
		};
		CAC6ABAC214911BB0070274D = {
			isa = PBXGroup;
			children = (
				CAC6ABB7214911BB0070274D /* Swift-100-tips-study */,
				CAC6ABB6214911BB0070274D /* Products */,
			);
			sourceTree = "<group>";
		};
		CAC6ABB6214911BB0070274D /* Products */ = {
			isa = PBXGroup;
			children = (
				CAC6ABB5214911BB0070274D /* Swift-100-tips-study.app */,
			);
			name = Products;
			sourceTree = "<group>";
		};
		CAC6ABB7214911BB0070274D /* Swift-100-tips-study */ = {
			isa = PBXGroup;
			children = (
				CAC6ABBA214911BC0070274D /* ViewController.swift */,
				CAC6ABCA214911DA0070274D /* TestClass */,
				CAC6ABB8214911BC0070274D /* AppDelegate.swift */,
				CAC6ABBC214911BC0070274D /* Main.storyboard */,
				CAC6ABBF214911BE0070274D /* Assets.xcassets */,
				CAC6ABC1214911BE0070274D /* LaunchScreen.storyboard */,
				CAC6ABC4214911BE0070274D /* Info.plist */,
			);
			path = "Swift-100-tips-study";
			sourceTree = "<group>";
		};
		CAC6ABCA214911DA0070274D /* TestClass */ = {
			isa = PBXGroup;
			children = (
				CA2EB615215B23F90036C8F1 /* 095 - 尾递归 */,
				CA2EB612215B1F640036C8F1 /* 094- 列举 enum 类型 */,
				CA2EB60F215B193B0036C8F1 /* 093- 泛型拓展 */,
				CA2EB60C215B13B90036C8F1 /* 092 - 闭包歧义 */,
				CA150419215A396B00922F30 /* 091 - Core Data */,
				CA150416215A386700922F30 /* 090 - Swift中的测试 */,
				CA150413215A364800922F30 /* 089 - 属性访问控制 */,
				CA150410215A34E300922F30 /* 088 - 宏定义 define */,
				CA15040D215A335700922F30 /* 087 - 溢出 */,
				CA15040A215A310900922F30 /* 086 - Log 输出 */,
				CA150407215A2F0C00922F30 /* 085 - 性能考虑 */,
				CA150404215A252000922F30 /* 084 - 文档注释 */,
				CA150401215A225200922F30 /* 083 - NSNull */,
				CA1503FE215A179200922F30 /* 082 - JSON 和 Codable */,
				CA1503FB215A141900922F30 /* 081 - 数学和数字 */,
				CA1503F8215A0EB800922F30 /* 080 - playground 与项目合作 */,
				CA1503F4215A0CE700922F30 /* 079- playground 延时运行 */,
				CA1503F1215A0A2C00922F30 /* 078 - 安全的资源组织方式 */,
				CA1503EE215A076000922F30 /* 077 - 代码组织和Framework */,
				CA1503EB215A04F000922F30 /* 076 - fatalError */,
				CA1503E82159FE2700922F30 /* 075 - 断言 */,
				CA1503E52159F94500922F30 /* 074 - 错误和异常处理 */,
				CA1503E22159E84B00922F30 /* 073 - print 和 debugPrint */,
				CA1503DF2159E63C00922F30 /* 072 - 随机数生成 */,
				CA1503DC2159E46200922F30 /* 071 - Swift 命令行工具 */,
				CA1503D92159DFC500922F30 /* 070 - Tool-Free Bridging 和 Unmanaged */,
				CA1503D62159DCDD00922F30 /* 069 - Lock */,
				CAEF7ACC2159D3C600420632 /* 068- Associated Object  */,
				CA34F32C21534BE500436583 /* 067- delegate */,
				CA34F329215346CD00436583 /* 066- 调用C代码和@asmname */,
				CA34F3262153424600436583 /* 065- 类型编码 @encode */,
				CA34F32321533FC300436583 /* 064- 数组 enumerate */,
				CA34F32021533D3500436583 /* 063-Options */,
				CA34F31D21533C5100436583 /* 062-输出格式化 */,
				CA34F31A21533A1B00436583 /* 061-调用C动态库 */,
				CA34F3172153379600436583 /* 060-类簇 */,
				CA34F31421522FF300436583 /* 059-哈希 */,
				CA34F311215229A200436583 /* 058- 判等 */,
				CA34F30E2152264100436583 /* 057- 局部Scope */,
				CA34F30B21521E6000436583 /* 056-KeyPath和KVO */,
				CA34F30821521CC600436583 /* 055- 自省 */,
				CA34F30521521B5700436583 /* 054-获取对象类型 */,
				CA34F302215215A400436583 /* 053-GCD和延迟调用 */,
				CA34F2FF215212AA00436583 /* 052-UnsafePointer */,
				CA34F2FB2152003600436583 /* 051-String还是NSString */,
				CA34F2F82151FE4900436583 /* 050-值类型和引用类型 */,
				CA34F2F52151FC0B00436583 /* 049-@autoreleasepool */,
				CAB748382151F70E00E8E07C /* 048-闭包循环引用 */,
				CAB748352151F27900E8E07C /* 047-内存管理, weak和unowned */,
				CA34D4D02151EF6500501F56 /* 046-可选协议和协议扩展 */,
				CA34D4CD2151EABD00501F56 /* 045-@objc和dynamic */,
				CAC6AC51214BB4E30070274D /* 044-@UIApplicationMain */,
				CAC6AC4E214BB3C30070274D /* 043-编译标记 */,
				CAC6AC4B214BB0210070274D /* 042-条件编译 */,
				CAC6AC48214BAEF40070274D /* 041-单例 */,
				CAC6AC45214BAAAC0070274D /* 040-实例方法的动态调用 */,
				CAC6AC42214BA6210070274D /* 039-Selector */,
				CAC6AC3F214BA15A0070274D /* 038-indirect和嵌套enum */,
				CAC6AC3C214B9A460070274D /* 037-Where 和 匹配模式 */,
				CAC6AC39214B90CA0070274D /* 036-Protocol Extension */,
				CAC6AC36214B8C3C0070274D /* 035-Optional Map */,
				CAC6AC33214B84B90070274D /* 034-多重 Optional */,
				CAC6AC30214B81A30070274D /* 033-隐式解包 Optional */,
				CAC6AC2D214B7B750070274D /* 032-反射和 */,
				CAC6AC2A214B78F00070274D /* 031-lazy */,
				CAC6AC27214B660B0070274D /* 030-final */,
				CAC6AC24214B60AE0070274D /* 029-观察属性 */,
				CAC6AC21214B5DE80070274D /* 028-动态类型和多方法 */,
				CAC6AC1E214B50E50070274D /* 027-协议和类方法中的 Self */,
				CAC6AC1B214B4BD90070274D /* 026-AnyClass, 元类型 和 .self */,
				CAC6AC18214B455E0070274D /* 025-...和..< */,
				CAC6AC15214B3D090070274D /* 024-模糊匹配 */,
				CAC6AC12214A66620070274D /* 023-正则表达式 */,
				CAC6AC0F214A64790070274D /* 022-default参数 */,
				CAC6AC0C214A61BC0070274D /* 021-多类型和容器 */,
				CAC6AC09214A5FF00070274D /* 020-static 和 class */,
				CAC6AC06214A5DE70070274D /* 019-初始化返回nil */,
				CAC6AC03214A59FF0070274D /* 018-初始化方法分类 */,
				CAC6AC00214A57FB0070274D /* 017-初始化方法顺序 */,
				CAC6ABFD214A56210070274D /* 016-可变参数函数 */,
				CAC6ABFA214A4DB90070274D /* 015-associatedtype */,
				CAC6ABF7214A49170070274D /* 014-typealias  */,
				CAC6ABF4214A46BB0070274D /* 013-命名空间 */,
				CAC6ABF1214A44A10070274D /* 012-方法嵌套 */,
				CAC6ABEE214A3EC50070274D /* 011-下标 */,
				CAC6ABEB214A35BE0070274D /* 010-字面量表达 */,
				CAC6ABE8214A31230070274D /* 009-func 的参数修饰符 */,
				CAC6ABE5214A2BC80070274D /* 008-操作符 */,
				CAC6ABE2214A28270070274D /* 007-Optional_Chaining */,
				CAC6ABDF214A0ED10070274D /* 006-@escaping */,
				CAC6ABDC214A0AF80070274D /* 005-@autocloure和?? */,
				CAC6ABD9214A08140070274D /* 004-多元组(Tuple) */,
				CAC6ABD6214A03780070274D /* 003-Sequence */,
				CAC6ABD3214A01B90070274D /* 002-mutating */,
				CAC6ABD02149F00B0070274D /* 001-柯里化 */,
				CAC6ABCB214911EB0070274D /* Common */,
			);
			path = TestClass;
			sourceTree = "<group>";
		};
		CAC6ABCB214911EB0070274D /* Common */ = {
			isa = PBXGroup;
			children = (
				CAC6ABCC214912090070274D /* Common.swift */,
				CAC6ABCE2149EFEF0070274D /* BaseViewController.swift */,
			);
			path = Common;
			sourceTree = "<group>";
		};
		CAC6ABD02149F00B0070274D /* 001-柯里化 */ = {
			isa = PBXGroup;
			children = (
				CAC6ABD12149F03A0070274D /* CurryingController.swift */,
			);
			path = "001-柯里化";
			sourceTree = "<group>";
		};
		CAC6ABD3214A01B90070274D /* 002-mutating */ = {
			isa = PBXGroup;
			children = (
				CAC6ABD4214A01CB0070274D /* MutatingController.swift */,
			);
			path = "002-mutating";
			sourceTree = "<group>";
		};
		CAC6ABD6214A03780070274D /* 003-Sequence */ = {
			isa = PBXGroup;
			children = (
				CAC6ABD7214A038E0070274D /* SequenceController.swift */,
			);
			path = "003-Sequence";
			sourceTree = "<group>";
		};
		CAC6ABD9214A08140070274D /* 004-多元组(Tuple) */ = {
			isa = PBXGroup;
			children = (
				CAC6ABDA214A082F0070274D /* TupleController.swift */,
			);
			path = "004-多元组(Tuple)";
			sourceTree = "<group>";
		};
		CAC6ABDC214A0AF80070274D /* 005-@autocloure和?? */ = {
			isa = PBXGroup;
			children = (
				CAC6ABDD214A0B1D0070274D /* AutoclosureController.swift */,
			);
			path = "005-@autocloure和??";
			sourceTree = "<group>";
		};
		CAC6ABDF214A0ED10070274D /* 006-@escaping */ = {
			isa = PBXGroup;
			children = (
				CAC6ABE0214A0EE80070274D /* EscapingController.swift */,
			);
			path = "006-@escaping";
			sourceTree = "<group>";
		};
		CAC6ABE2214A28270070274D /* 007-Optional_Chaining */ = {
			isa = PBXGroup;
			children = (
				CAC6ABE3214A28470070274D /* OptionalChainingController.swift */,
			);
			path = "007-Optional_Chaining";
			sourceTree = "<group>";
		};
		CAC6ABE5214A2BC80070274D /* 008-操作符 */ = {
			isa = PBXGroup;
			children = (
				CAC6ABE6214A2C2B0070274D /* OperatorController.swift */,
			);
			path = "008-操作符";
			sourceTree = "<group>";
		};
		CAC6ABE8214A31230070274D /* 009-func 的参数修饰符 */ = {
			isa = PBXGroup;
			children = (
				CAC6ABE9214A316B0070274D /* ModifierController.swift */,
			);
			path = "009-func 的参数修饰符";
			sourceTree = "<group>";
		};
		CAC6ABEB214A35BE0070274D /* 010-字面量表达 */ = {
			isa = PBXGroup;
			children = (
				CAC6ABEC214A35F60070274D /* IiteralController.swift */,
			);
			path = "010-字面量表达";
			sourceTree = "<group>";
		};
		CAC6ABEE214A3EC50070274D /* 011-下标 */ = {
			isa = PBXGroup;
			children = (
				CAC6ABEF214A3EF30070274D /* SubscriptController.swift */,
			);
			path = "011-下标";
			sourceTree = "<group>";
		};
		CAC6ABF1214A44A10070274D /* 012-方法嵌套 */ = {
			isa = PBXGroup;
			children = (
				CAC6ABF2214A44D60070274D /* FuncNestController.swift */,
			);
			path = "012-方法嵌套";
			sourceTree = "<group>";
		};
		CAC6ABF4214A46BB0070274D /* 013-命名空间 */ = {
			isa = PBXGroup;
			children = (
				CAC6ABF5214A46E00070274D /* MoudelController.swift */,
			);
			path = "013-命名空间";
			sourceTree = "<group>";
		};
		CAC6ABF7214A49170070274D /* 014-typealias  */ = {
			isa = PBXGroup;
			children = (
				CAC6ABF8214A493B0070274D /* TypealiasController.swift */,
			);
			path = "014-typealias ";
			sourceTree = "<group>";
		};
		CAC6ABFA214A4DB90070274D /* 015-associatedtype */ = {
			isa = PBXGroup;
			children = (
				CAC6ABFB214A4DDA0070274D /* AssociatedypeController.swift */,
			);
			path = "015-associatedtype";
			sourceTree = "<group>";
		};
		CAC6ABFD214A56210070274D /* 016-可变参数函数 */ = {
			isa = PBXGroup;
			children = (
				CAC6ABFE214A56920070274D /* MutParamsController.swift */,
			);
			path = "016-可变参数函数";
			sourceTree = "<group>";
		};
		CAC6AC00214A57FB0070274D /* 017-初始化方法顺序 */ = {
			isa = PBXGroup;
			children = (
				CAC6AC01214A58320070274D /* InitialOrderController.swift */,
			);
			path = "017-初始化方法顺序";
			sourceTree = "<group>";
		};
		CAC6AC03214A59FF0070274D /* 018-初始化方法分类 */ = {
			isa = PBXGroup;
			children = (
				CAC6AC04214A5A480070274D /* InitialCategoryController.swift */,
			);
			path = "018-初始化方法分类";
			sourceTree = "<group>";
		};
		CAC6AC06214A5DE70070274D /* 019-初始化返回nil */ = {
			isa = PBXGroup;
			children = (
				CAC6AC07214A5E0C0070274D /* InitialReturnNilController.swift */,
			);
			path = "019-初始化返回nil";
			sourceTree = "<group>";
		};
		CAC6AC09214A5FF00070274D /* 020-static 和 class */ = {
			isa = PBXGroup;
			children = (
				CAC6AC0A214A600D0070274D /* Static_ClassController.swift */,
			);
			path = "020-static 和 class";
			sourceTree = "<group>";
		};
		CAC6AC0C214A61BC0070274D /* 021-多类型和容器 */ = {
			isa = PBXGroup;
			children = (
				CAC6AC0D214A61D70070274D /* SwiftCollectionController.swift */,
			);
			path = "021-多类型和容器";
			sourceTree = "<group>";
		};
		CAC6AC0F214A64790070274D /* 022-default参数 */ = {
			isa = PBXGroup;
			children = (
				CAC6AC10214A64910070274D /* DefaultParamController.swift */,
			);
			path = "022-default参数";
			sourceTree = "<group>";
		};
		CAC6AC12214A66620070274D /* 023-正则表达式 */ = {
			isa = PBXGroup;
			children = (
				CAC6AC13214A668D0070274D /* RegularController.swift */,
			);
			path = "023-正则表达式";
			sourceTree = "<group>";
		};
		CAC6AC15214B3D090070274D /* 024-模糊匹配 */ = {
			isa = PBXGroup;
			children = (
				CAC6AC16214B3D460070274D /* DimMatchController.swift */,
			);
			path = "024-模糊匹配";
			sourceTree = "<group>";
		};
		CAC6AC18214B455E0070274D /* 025-...和..< */ = {
			isa = PBXGroup;
			children = (
				CAC6AC19214B45770070274D /* SectionController.swift */,
			);
			path = "025-...和..<";
			sourceTree = "<group>";
		};
		CAC6AC1B214B4BD90070274D /* 026-AnyClass, 元类型 和 .self */ = {
			isa = PBXGroup;
			children = (
				CAC6AC1C214B4C0D0070274D /* TypeController.swift */,
			);
			path = "026-AnyClass, 元类型 和 .self";
			sourceTree = "<group>";
		};
		CAC6AC1E214B50E50070274D /* 027-协议和类方法中的 Self */ = {
			isa = PBXGroup;
			children = (
				CAC6AC1F214B51200070274D /* KeySelfController.swift */,
			);
			path = "027-协议和类方法中的 Self";
			sourceTree = "<group>";
		};
		CAC6AC21214B5DE80070274D /* 028-动态类型和多方法 */ = {
			isa = PBXGroup;
			children = (
				CAC6AC22214B5E110070274D /* DynamicTypeController.swift */,
			);
			path = "028-动态类型和多方法";
			sourceTree = "<group>";
		};
		CAC6AC24214B60AE0070274D /* 029-观察属性 */ = {
			isa = PBXGroup;
			children = (
				CAC6AC25214B60E10070274D /* PropertyObserverController.swift */,
			);
			path = "029-观察属性";
			sourceTree = "<group>";
		};
		CAC6AC27214B660B0070274D /* 030-final */ = {
			isa = PBXGroup;
			children = (
				CAC6AC28214B66230070274D /* FinalController.swift */,
			);
			path = "030-final";
			sourceTree = "<group>";
		};
		CAC6AC2A214B78F00070274D /* 031-lazy */ = {
			isa = PBXGroup;
			children = (
				CAC6AC2B214B79070070274D /* LazyController.swift */,
			);
			path = "031-lazy";
			sourceTree = "<group>";
		};
		CAC6AC2D214B7B750070274D /* 032-反射和 */ = {
			isa = PBXGroup;
			children = (
				CAC6AC2E214B7BD00070274D /* ReflectionController.swift */,
			);
			path = "032-反射和";
			sourceTree = "<group>";
		};
		CAC6AC30214B81A30070274D /* 033-隐式解包 Optional */ = {
			isa = PBXGroup;
			children = (
				CAC6AC31214B81F60070274D /* ImplicitUnpackOptionalController.swift */,
			);
			path = "033-隐式解包 Optional";
			sourceTree = "<group>";
		};
		CAC6AC33214B84B90070274D /* 034-多重 Optional */ = {
			isa = PBXGroup;
			children = (
				CAC6AC34214B84EE0070274D /* MutilOptionalController.swift */,
			);
			path = "034-多重 Optional";
			sourceTree = "<group>";
		};
		CAC6AC36214B8C3C0070274D /* 035-Optional Map */ = {
			isa = PBXGroup;
			children = (
				CAC6AC37214B8C580070274D /* OptionalMapController.swift */,
			);
			path = "035-Optional Map";
			sourceTree = "<group>";
		};
		CAC6AC39214B90CA0070274D /* 036-Protocol Extension */ = {
			isa = PBXGroup;
			children = (
				CAC6AC3A214B90E90070274D /* ProtocolExtensionController.swift */,
			);
			path = "036-Protocol Extension";
			sourceTree = "<group>";
		};
		CAC6AC3C214B9A460070274D /* 037-Where 和 匹配模式 */ = {
			isa = PBXGroup;
			children = (
				CAC6AC3D214B9A610070274D /* WhereAndParttenController.swift */,
			);
			path = "037-Where 和 匹配模式";
			sourceTree = "<group>";
		};
		CAC6AC3F214BA15A0070274D /* 038-indirect和嵌套enum */ = {
			isa = PBXGroup;
			children = (
				CAC6AC40214BA17D0070274D /* IndirectEnumController.swift */,
			);
			path = "038-indirect和嵌套enum";
			sourceTree = "<group>";
		};
		CAC6AC42214BA6210070274D /* 039-Selector */ = {
			isa = PBXGroup;
			children = (
				CAC6AC43214BA6360070274D /* SelectorController.swift */,
			);
			path = "039-Selector";
			sourceTree = "<group>";
		};
		CAC6AC45214BAAAC0070274D /* 040-实例方法的动态调用 */ = {
			isa = PBXGroup;
			children = (
				CAC6AC46214BAAD80070274D /* InstanceMothodDynamicController.swift */,
			);
			path = "040-实例方法的动态调用";
			sourceTree = "<group>";
		};
		CAC6AC48214BAEF40070274D /* 041-单例 */ = {
			isa = PBXGroup;
			children = (
				CAC6AC49214BAF2F0070274D /* SigletonController.swift */,
			);
			path = "041-单例";
			sourceTree = "<group>";
		};
		CAC6AC4B214BB0210070274D /* 042-条件编译 */ = {
			isa = PBXGroup;
			children = (
				CAC6AC4C214BB0680070274D /* ConditionalCompilationController.swift */,
			);
			path = "042-条件编译";
			sourceTree = "<group>";
		};
		CAC6AC4E214BB3C30070274D /* 043-编译标记 */ = {
			isa = PBXGroup;
			children = (
				CAC6AC4F214BB40E0070274D /* CompilerSignController.swift */,
			);
			path = "043-编译标记";
			sourceTree = "<group>";
		};
		CAC6AC51214BB4E30070274D /* 044-@UIApplicationMain */ = {
			isa = PBXGroup;
			children = (
				CAC6AC52214BB5040070274D /* UIApplicationMainController.swift */,
			);
			path = "044-@UIApplicationMain";
			sourceTree = "<group>";
		};
		CAEF7ACC2159D3C600420632 /* 068- Associated Object  */ = {
			isa = PBXGroup;
			children = (
				CAEF7ACD2159D3E900420632 /* AssociatedObjectController.swift */,
			);
			path = "068- Associated Object ";
			sourceTree = "<group>";
		};
/* End PBXGroup section */

/* Begin PBXNativeTarget section */
		CAC6ABB4214911BB0070274D /* Swift-100-tips-study */ = {
			isa = PBXNativeTarget;
			buildConfigurationList = CAC6ABC7214911BE0070274D /* Build configuration list for PBXNativeTarget "Swift-100-tips-study" */;
			buildPhases = (
				CAC6ABB1214911BB0070274D /* Sources */,
				CAC6ABB2214911BB0070274D /* Frameworks */,
				CAC6ABB3214911BB0070274D /* Resources */,
			);
			buildRules = (
			);
			dependencies = (
			);
			name = "Swift-100-tips-study";
			productName = "Swift-100-tips-study";
			productReference = CAC6ABB5214911BB0070274D /* Swift-100-tips-study.app */;
			productType = "com.apple.product-type.application";
		};
/* End PBXNativeTarget section */

/* Begin PBXProject section */
		CAC6ABAD214911BB0070274D /* Project object */ = {
			isa = PBXProject;
			attributes = {
				LastSwiftUpdateCheck = 0940;
				LastUpgradeCheck = 0940;
				ORGANIZATIONNAME = com.test;
				TargetAttributes = {
					CAC6ABB4214911BB0070274D = {
						CreatedOnToolsVersion = 9.4.1;
					};
				};
			};
			buildConfigurationList = CAC6ABB0214911BB0070274D /* Build configuration list for PBXProject "Swift-100-tips-study" */;
			compatibilityVersion = "Xcode 9.3";
			developmentRegion = en;
			hasScannedForEncodings = 0;
			knownRegions = (
				en,
				Base,
			);
			mainGroup = CAC6ABAC214911BB0070274D;
			productRefGroup = CAC6ABB6214911BB0070274D /* Products */;
			projectDirPath = "";
			projectRoot = "";
			targets = (
				CAC6ABB4214911BB0070274D /* Swift-100-tips-study */,
			);
		};
/* End PBXProject section */

/* Begin PBXResourcesBuildPhase section */
		CAC6ABB3214911BB0070274D /* Resources */ = {
			isa = PBXResourcesBuildPhase;
			buildActionMask = 2147483647;
			files = (
				CAC6ABC3214911BE0070274D /* LaunchScreen.storyboard in Resources */,
				CAC6ABC0214911BE0070274D /* Assets.xcassets in Resources */,
				CAC6ABBE214911BC0070274D /* Main.storyboard in Resources */,
			);
			runOnlyForDeploymentPostprocessing = 0;
		};
/* End PBXResourcesBuildPhase section */

/* Begin PBXSourcesBuildPhase section */
		CAC6ABB1214911BB0070274D /* Sources */ = {
			isa = PBXSourcesBuildPhase;
			buildActionMask = 2147483647;
			files = (
				CAC6AC14214A668D0070274D /* RegularController.swift in Sources */,
				CA34F31C21533A3D00436583 /* CallCFramewrokController.swift in Sources */,
				CA34D4D22151EF8A00501F56 /* AboutProtocolController.swift in Sources */,
				CA15040F215A336A00922F30 /* OverflowController.swift in Sources */,
				CAC6AC23214B5E110070274D /* DynamicTypeController.swift in Sources */,
				CA2EB617215B24350036C8F1 /* TailRecursionController.swift in Sources */,
				CA34F3102152265900436583 /* ScopeController.swift in Sources */,
				CA34F2F72151FC3100436583 /* AutoreleasepoolController.swift in Sources */,
				CAC6AC1D214B4C0D0070274D /* TypeController.swift in Sources */,
				CAC6ABDE214A0B1D0070274D /* AutoclosureController.swift in Sources */,
				CAC6AC4D214BB0680070274D /* ConditionalCompilationController.swift in Sources */,
				CAB748372151F2C000E8E07C /* RatainCountController.swift in Sources */,
				CAC6AC20214B51200070274D /* KeySelfController.swift in Sources */,
				CAB7483A2151F74200E8E07C /* ClosureCyleController.swift in Sources */,
				CA34D4CF2151EAFA00501F56 /* DynamicObjcController.swift in Sources */,
				CA1503F7215A0D1F00922F30 /* PlaygroundDelayController.swift in Sources */,
				CA34F3282153426D00436583 /* Encode@Controller.swift in Sources */,
				CAC6ABF6214A46E00070274D /* MoudelController.swift in Sources */,
				CAC6ABD8214A038E0070274D /* SequenceController.swift in Sources */,
				CAC6AC08214A5E0C0070274D /* InitialReturnNilController.swift in Sources */,
				CAC6ABBB214911BC0070274D /* ViewController.swift in Sources */,
				CA2EB611215B19690036C8F1 /* GenericityExtensionController.swift in Sources */,
				CA34F2FA2151FE7A00436583 /* ValueRefrenceTypeController.swift in Sources */,
				CAC6AC38214B8C580070274D /* OptionalMapController.swift in Sources */,
				CA150403215A226500922F30 /* NSNullController.swift in Sources */,
				CAC6AC11214A64910070274D /* DefaultParamController.swift in Sources */,
				CAC6AC2C214B79070070274D /* LazyController.swift in Sources */,
				CAC6AC02214A58320070274D /* InitialOrderController.swift in Sources */,
				CA34F31F21533C7400436583 /* PretyPrintController.swift in Sources */,
				CA1503DE2159E4D000922F30 /* XCRunController.swift in Sources */,
				CA34F2FE2152005800436583 /* StringController.swift in Sources */,
				CA34F304215215E900436583 /* CallGCDController.swift in Sources */,
				CA150400215A17BE00922F30 /* CodableController.swift in Sources */,
				CAC6ABCF2149EFEF0070274D /* BaseViewController.swift in Sources */,
				CAC6ABEA214A316B0070274D /* ModifierController.swift in Sources */,
				CAEF7ACE2159D3E900420632 /* AssociatedObjectController.swift in Sources */,
				CAC6ABD5214A01CB0070274D /* MutatingController.swift in Sources */,
				CAC6AC35214B84EE0070274D /* MutilOptionalController.swift in Sources */,
				CAC6ABE1214A0EE80070274D /* EscapingController.swift in Sources */,
				CAC6AC2F214B7BD00070274D /* ReflectionController.swift in Sources */,
				CA34F313215229F800436583 /* ConfirmEqualeController.swift in Sources */,
				CA150418215A387A00922F30 /* SwiftTestController.swift in Sources */,
				CAC6AC26214B60E10070274D /* PropertyObserverController.swift in Sources */,
				CA34F3162152300C00436583 /* TestHashController.swift in Sources */,
				CA34F30A21521D1600436583 /* IntrospactionController.swift in Sources */,
				CAC6AC53214BB5040070274D /* UIApplicationMainController.swift in Sources */,
				CA15040C215A311F00922F30 /* LogController.swift in Sources */,
				CA1503E42159E86800922F30 /* DebugPrintController.swift in Sources */,
				CAC6AC50214BB40E0070274D /* CompilerSignController.swift in Sources */,
				CA1503F0215A078100922F30 /* FrameworkController.swift in Sources */,
				CAC6ABF9214A493B0070274D /* TypealiasController.swift in Sources */,
				CA1503DB2159DFFA00922F30 /* UnmanagedController.swift in Sources */,
				CAC6AC47214BAAD80070274D /* InstanceMothodDynamicController.swift in Sources */,
				CAC6ABF0214A3EF30070274D /* SubscriptController.swift in Sources */,
				CAC6ABD22149F03A0070274D /* CurryingController.swift in Sources */,
				CAC6AC4A214BAF2F0070274D /* SigletonController.swift in Sources */,
				CAC6ABE7214A2C2B0070274D /* OperatorController.swift in Sources */,
				CAC6ABCD214912090070274D /* Common.swift in Sources */,
				CA150409215A2F4600922F30 /* PerformanceController.swift in Sources */,
				CAC6ABDB214A082F0070274D /* TupleController.swift in Sources */,
				CA34F32B2153470800436583 /* CallCAsmnameController.swift in Sources */,
				CAC6AC0B214A600D0070274D /* Static_ClassController.swift in Sources */,
				CA2EB60E215B14020036C8F1 /* ClourerAmbigutyController.swift in Sources */,
				CA150406215A253D00922F30 /* DocumentAnnotionController.swift in Sources */,
				CA150415215A367C00922F30 /* PropertyCallControlController.swift in Sources */,
				CA34F301215212C800436583 /* UnsafePointerController.swift in Sources */,
				CAC6ABFC214A4DDA0070274D /* AssociatedypeController.swift in Sources */,
				CAC6AC29214B66230070274D /* FinalController.swift in Sources */,
				CAC6AC1A214B45770070274D /* SectionController.swift in Sources */,
				CA34F32521533FE000436583 /* ArrayEnumerateController.swift in Sources */,
				CAC6AC3E214B9A610070274D /* WhereAndParttenController.swift in Sources */,
				CAC6ABB9214911BC0070274D /* AppDelegate.swift in Sources */,
				CA1503ED215A050C00922F30 /* FatalErrorController.swift in Sources */,
				CA150412215A34F800922F30 /* DefineController.swift in Sources */,
				CAC6AC32214B81F60070274D /* ImplicitUnpackOptionalController.swift in Sources */,
				CAEF7ACB2159CE1A00420632 /* DelegateController.swift in Sources */,
				CA1503F3215A0A6D00922F30 /* SourceOrganizeController.swift in Sources */,
				CA2EB614215B1F810036C8F1 /* ListEnumController.swift in Sources */,
				CA34F319215337EC00436583 /* ClassClusterController.swift in Sources */,
				CAC6ABF3214A44D60070274D /* FuncNestController.swift in Sources */,
				CAC6AC41214BA17D0070274D /* IndirectEnumController.swift in Sources */,
				CAC6AC44214BA6360070274D /* SelectorController.swift in Sources */,
				CAC6AC17214B3D460070274D /* DimMatchController.swift in Sources */,
				CA1503E12159E67A00922F30 /* RandomNumberController.swift in Sources */,
				CA1503FD215A143600922F30 /* MathController.swift in Sources */,
				CAC6AC0E214A61D70070274D /* SwiftCollectionController.swift in Sources */,
				CAC6AC05214A5A480070274D /* InitialCategoryController.swift in Sources */,
				CAC6ABED214A35F60070274D /* IiteralController.swift in Sources */,
				CAC6AC3B214B90E90070274D /* ProtocolExtensionController.swift in Sources */,
				CA1503E72159F96C00922F30 /* ExceptionController.swift in Sources */,
				CAC6ABFF214A56920070274D /* MutParamsController.swift in Sources */,
				CAC6ABE4214A28470070274D /* OptionalChainingController.swift in Sources */,
				CA1503FA215A0F0B00922F30 /* PlaygroundController.swift in Sources */,
				CA1503EA2159FE4000922F30 /* AssertionController.swift in Sources */,
				CA34F32221533D4900436583 /* OptionsController.swift in Sources */,
				CA1503D82159DD0100922F30 /* LockController.swift in Sources */,
				CA15041B215A398600922F30 /* CoreDataController.swift in Sources */,
				CA34F30721521B7500436583 /* GetObjectTypeController.swift in Sources */,
				CA34F30D21521E8000436583 /* KVOKeyPathController.swift in Sources */,
			);
			runOnlyForDeploymentPostprocessing = 0;
		};
/* End PBXSourcesBuildPhase section */

/* Begin PBXVariantGroup section */
		CAC6ABBC214911BC0070274D /* Main.storyboard */ = {
			isa = PBXVariantGroup;
			children = (
				CAC6ABBD214911BC0070274D /* Base */,
			);
			name = Main.storyboard;
			sourceTree = "<group>";
		};
		CAC6ABC1214911BE0070274D /* LaunchScreen.storyboard */ = {
			isa = PBXVariantGroup;
			children = (
				CAC6ABC2214911BE0070274D /* Base */,
			);
			name = LaunchScreen.storyboard;
			sourceTree = "<group>";
		};
/* End PBXVariantGroup section */

/* Begin XCBuildConfiguration section */
		CAC6ABC5214911BE0070274D /* Debug */ = {
			isa = XCBuildConfiguration;
			buildSettings = {
				ALWAYS_SEARCH_USER_PATHS = NO;
				CLANG_ANALYZER_NONNULL = YES;
				CLANG_ANALYZER_NUMBER_OBJECT_CONVERSION = YES_AGGRESSIVE;
				CLANG_CXX_LANGUAGE_STANDARD = "gnu++14";
				CLANG_CXX_LIBRARY = "libc++";
				CLANG_ENABLE_MODULES = YES;
				CLANG_ENABLE_OBJC_ARC = YES;
				CLANG_ENABLE_OBJC_WEAK = YES;
				CLANG_WARN_BLOCK_CAPTURE_AUTORELEASING = YES;
				CLANG_WARN_BOOL_CONVERSION = YES;
				CLANG_WARN_COMMA = YES;
				CLANG_WARN_CONSTANT_CONVERSION = YES;
				CLANG_WARN_DEPRECATED_OBJC_IMPLEMENTATIONS = YES;
				CLANG_WARN_DIRECT_OBJC_ISA_USAGE = YES_ERROR;
				CLANG_WARN_DOCUMENTATION_COMMENTS = YES;
				CLANG_WARN_EMPTY_BODY = YES;
				CLANG_WARN_ENUM_CONVERSION = YES;
				CLANG_WARN_INFINITE_RECURSION = YES;
				CLANG_WARN_INT_CONVERSION = YES;
				CLANG_WARN_NON_LITERAL_NULL_CONVERSION = YES;
				CLANG_WARN_OBJC_IMPLICIT_RETAIN_SELF = YES;
				CLANG_WARN_OBJC_LITERAL_CONVERSION = YES;
				CLANG_WARN_OBJC_ROOT_CLASS = YES_ERROR;
				CLANG_WARN_RANGE_LOOP_ANALYSIS = YES;
				CLANG_WARN_STRICT_PROTOTYPES = YES;
				CLANG_WARN_SUSPICIOUS_MOVE = YES;
				CLANG_WARN_UNGUARDED_AVAILABILITY = YES_AGGRESSIVE;
				CLANG_WARN_UNREACHABLE_CODE = YES;
				CLANG_WARN__DUPLICATE_METHOD_MATCH = YES;
				CODE_SIGN_IDENTITY = "iPhone Developer";
				COPY_PHASE_STRIP = NO;
				DEBUG_INFORMATION_FORMAT = dwarf;
				ENABLE_STRICT_OBJC_MSGSEND = YES;
				ENABLE_TESTABILITY = YES;
				GCC_C_LANGUAGE_STANDARD = gnu11;
				GCC_DYNAMIC_NO_PIC = NO;
				GCC_NO_COMMON_BLOCKS = YES;
				GCC_OPTIMIZATION_LEVEL = 0;
				GCC_PREPROCESSOR_DEFINITIONS = (
					"DEBUG=1",
					"$(inherited)",
				);
				GCC_WARN_64_TO_32_BIT_CONVERSION = YES;
				GCC_WARN_ABOUT_RETURN_TYPE = YES_ERROR;
				GCC_WARN_UNDECLARED_SELECTOR = YES;
				GCC_WARN_UNINITIALIZED_AUTOS = YES_AGGRESSIVE;
				GCC_WARN_UNUSED_FUNCTION = YES;
				GCC_WARN_UNUSED_VARIABLE = YES;
				IPHONEOS_DEPLOYMENT_TARGET = 11.4;
				MTL_ENABLE_DEBUG_INFO = YES;
				ONLY_ACTIVE_ARCH = YES;
				SDKROOT = iphoneos;
				SWIFT_ACTIVE_COMPILATION_CONDITIONS = DEBUG;
				SWIFT_OPTIMIZATION_LEVEL = "-Onone";
			};
			name = Debug;
		};
		CAC6ABC6214911BE0070274D /* Release */ = {
			isa = XCBuildConfiguration;
			buildSettings = {
				ALWAYS_SEARCH_USER_PATHS = NO;
				CLANG_ANALYZER_NONNULL = YES;
				CLANG_ANALYZER_NUMBER_OBJECT_CONVERSION = YES_AGGRESSIVE;
				CLANG_CXX_LANGUAGE_STANDARD = "gnu++14";
				CLANG_CXX_LIBRARY = "libc++";
				CLANG_ENABLE_MODULES = YES;
				CLANG_ENABLE_OBJC_ARC = YES;
				CLANG_ENABLE_OBJC_WEAK = YES;
				CLANG_WARN_BLOCK_CAPTURE_AUTORELEASING = YES;
				CLANG_WARN_BOOL_CONVERSION = YES;
				CLANG_WARN_COMMA = YES;
				CLANG_WARN_CONSTANT_CONVERSION = YES;
				CLANG_WARN_DEPRECATED_OBJC_IMPLEMENTATIONS = YES;
				CLANG_WARN_DIRECT_OBJC_ISA_USAGE = YES_ERROR;
				CLANG_WARN_DOCUMENTATION_COMMENTS = YES;
				CLANG_WARN_EMPTY_BODY = YES;
				CLANG_WARN_ENUM_CONVERSION = YES;
				CLANG_WARN_INFINITE_RECURSION = YES;
				CLANG_WARN_INT_CONVERSION = YES;
				CLANG_WARN_NON_LITERAL_NULL_CONVERSION = YES;
				CLANG_WARN_OBJC_IMPLICIT_RETAIN_SELF = YES;
				CLANG_WARN_OBJC_LITERAL_CONVERSION = YES;
				CLANG_WARN_OBJC_ROOT_CLASS = YES_ERROR;
				CLANG_WARN_RANGE_LOOP_ANALYSIS = YES;
				CLANG_WARN_STRICT_PROTOTYPES = YES;
				CLANG_WARN_SUSPICIOUS_MOVE = YES;
				CLANG_WARN_UNGUARDED_AVAILABILITY = YES_AGGRESSIVE;
				CLANG_WARN_UNREACHABLE_CODE = YES;
				CLANG_WARN__DUPLICATE_METHOD_MATCH = YES;
				CODE_SIGN_IDENTITY = "iPhone Developer";
				COPY_PHASE_STRIP = NO;
				DEBUG_INFORMATION_FORMAT = "dwarf-with-dsym";
				ENABLE_NS_ASSERTIONS = NO;
				ENABLE_STRICT_OBJC_MSGSEND = YES;
				GCC_C_LANGUAGE_STANDARD = gnu11;
				GCC_NO_COMMON_BLOCKS = YES;
				GCC_WARN_64_TO_32_BIT_CONVERSION = YES;
				GCC_WARN_ABOUT_RETURN_TYPE = YES_ERROR;
				GCC_WARN_UNDECLARED_SELECTOR = YES;
				GCC_WARN_UNINITIALIZED_AUTOS = YES_AGGRESSIVE;
				GCC_WARN_UNUSED_FUNCTION = YES;
				GCC_WARN_UNUSED_VARIABLE = YES;
				IPHONEOS_DEPLOYMENT_TARGET = 11.4;
				MTL_ENABLE_DEBUG_INFO = NO;
				SDKROOT = iphoneos;
				SWIFT_COMPILATION_MODE = wholemodule;
				SWIFT_OPTIMIZATION_LEVEL = "-O";
				VALIDATE_PRODUCT = YES;
			};
			name = Release;
		};
		CAC6ABC8214911BE0070274D /* Debug */ = {
			isa = XCBuildConfiguration;
			buildSettings = {
				ASSETCATALOG_COMPILER_APPICON_NAME = AppIcon;
				CODE_SIGN_STYLE = Automatic;
				INFOPLIST_FILE = "Swift-100-tips-study/Info.plist";
				LD_RUNPATH_SEARCH_PATHS = (
					"$(inherited)",
					"@executable_path/Frameworks",
				);
				PRODUCT_BUNDLE_IDENTIFIER = "net.yeah-flyuqq.Swift-100-tips-study";
				PRODUCT_NAME = "$(TARGET_NAME)";
				SWIFT_VERSION = 4.0;
				TARGETED_DEVICE_FAMILY = "1,2";
			};
			name = Debug;
		};
		CAC6ABC9214911BE0070274D /* Release */ = {
			isa = XCBuildConfiguration;
			buildSettings = {
				ASSETCATALOG_COMPILER_APPICON_NAME = AppIcon;
				CODE_SIGN_STYLE = Automatic;
				INFOPLIST_FILE = "Swift-100-tips-study/Info.plist";
				LD_RUNPATH_SEARCH_PATHS = (
					"$(inherited)",
					"@executable_path/Frameworks",
				);
				PRODUCT_BUNDLE_IDENTIFIER = "net.yeah-flyuqq.Swift-100-tips-study";
				PRODUCT_NAME = "$(TARGET_NAME)";
				SWIFT_VERSION = 4.0;
				TARGETED_DEVICE_FAMILY = "1,2";
			};
			name = Release;
		};
/* End XCBuildConfiguration section */

/* Begin XCConfigurationList section */
		CAC6ABB0214911BB0070274D /* Build configuration list for PBXProject "Swift-100-tips-study" */ = {
			isa = XCConfigurationList;
			buildConfigurations = (
				CAC6ABC5214911BE0070274D /* Debug */,
				CAC6ABC6214911BE0070274D /* Release */,
			);
			defaultConfigurationIsVisible = 0;
			defaultConfigurationName = Release;
		};
		CAC6ABC7214911BE0070274D /* Build configuration list for PBXNativeTarget "Swift-100-tips-study" */ = {
			isa = XCConfigurationList;
			buildConfigurations = (
				CAC6ABC8214911BE0070274D /* Debug */,
				CAC6ABC9214911BE0070274D /* Release */,
			);
			defaultConfigurationIsVisible = 0;
			defaultConfigurationName = Release;
		};
/* End XCConfigurationList section */
	};
	rootObject = CAC6ABAD214911BB0070274D /* Project object */;
}
