// !$*UTF8*$!
{
	archiveVersion = 1;
	classes = {
	};
	objectVersion = 50;
	objects = {

/* Begin PBXBuildFile section */
		CA2EB625215B30120036C8F1 /* AppDelegate.swift in Sources */ = {isa = PBXBuildFile; fileRef = CA2EB624215B30120036C8F1 /* AppDelegate.swift */; };
		CA2EB627215B30120036C8F1 /* ViewController.swift in Sources */ = {isa = PBXBuildFile; fileRef = CA2EB626215B30120036C8F1 /* ViewController.swift */; };
		CA2EB62A215B30120036C8F1 /* Main.storyboard in Resources */ = {isa = PBXBuildFile; fileRef = CA2EB628215B30120036C8F1 /* Main.storyboard */; };
		CA2EB62C215B30140036C8F1 /* Assets.xcassets in Resources */ = {isa = PBXBuildFile; fileRef = CA2EB62B215B30140036C8F1 /* Assets.xcassets */; };
		CA2EB62F215B30140036C8F1 /* LaunchScreen.storyboard in Resources */ = {isa = PBXBuildFile; fileRef = CA2EB62D215B30140036C8F1 /* LaunchScreen.storyboard */; };
		CA2EB638215B30660036C8F1 /* NormalBaseViewController.swift in Sources */ = {isa = PBXBuildFile; fileRef = CA2EB637215B30660036C8F1 /* NormalBaseViewController.swift */; };
		CA2EB63C215B31D00036C8F1 /* ShowArrayController.swift in Sources */ = {isa = PBXBuildFile; fileRef = CA2EB63B215B31D00036C8F1 /* ShowArrayController.swift */; };
/* End PBXBuildFile section */

/* Begin PBXFileReference section */
		CA2EB621215B30120036C8F1 /* SwiftAdvance.app */ = {isa = PBXFileReference; explicitFileType = wrapper.application; includeInIndex = 0; path = SwiftAdvance.app; sourceTree = BUILT_PRODUCTS_DIR; };
		CA2EB624215B30120036C8F1 /* AppDelegate.swift */ = {isa = PBXFileReference; lastKnownFileType = sourcecode.swift; path = AppDelegate.swift; sourceTree = "<group>"; };
		CA2EB626215B30120036C8F1 /* ViewController.swift */ = {isa = PBXFileReference; lastKnownFileType = sourcecode.swift; path = ViewController.swift; sourceTree = "<group>"; };
		CA2EB629215B30120036C8F1 /* Base */ = {isa = PBXFileReference; lastKnownFileType = file.storyboard; name = Base; path = Base.lproj/Main.storyboard; sourceTree = "<group>"; };
		CA2EB62B215B30140036C8F1 /* Assets.xcassets */ = {isa = PBXFileReference; lastKnownFileType = folder.assetcatalog; path = Assets.xcassets; sourceTree = "<group>"; };
		CA2EB62E215B30140036C8F1 /* Base */ = {isa = PBXFileReference; lastKnownFileType = file.storyboard; name = Base; path = Base.lproj/LaunchScreen.storyboard; sourceTree = "<group>"; };
		CA2EB630215B30140036C8F1 /* Info.plist */ = {isa = PBXFileReference; lastKnownFileType = text.plist.xml; path = Info.plist; sourceTree = "<group>"; };
		CA2EB637215B30660036C8F1 /* NormalBaseViewController.swift */ = {isa = PBXFileReference; lastKnownFileType = sourcecode.swift; path = NormalBaseViewController.swift; sourceTree = "<group>"; };
		CA2EB63B215B31D00036C8F1 /* ShowArrayController.swift */ = {isa = PBXFileReference; lastKnownFileType = sourcecode.swift; path = ShowArrayController.swift; sourceTree = "<group>"; };
/* End PBXFileReference section */

/* Begin PBXFrameworksBuildPhase section */
		CA2EB61E215B30120036C8F1 /* Frameworks */ = {
			isa = PBXFrameworksBuildPhase;
			buildActionMask = 2147483647;
			files = (
			);
			runOnlyForDeploymentPostprocessing = 0;
		};
/* End PBXFrameworksBuildPhase section */

/* Begin PBXGroup section */
		CA2EB618215B30120036C8F1 = {
			isa = PBXGroup;
			children = (
				CA2EB623215B30120036C8F1 /* SwiftAdvance */,
				CA2EB622215B30120036C8F1 /* Products */,
			);
			sourceTree = "<group>";
		};
		CA2EB622215B30120036C8F1 /* Products */ = {
			isa = PBXGroup;
			children = (
				CA2EB621215B30120036C8F1 /* SwiftAdvance.app */,
			);
			name = Products;
			sourceTree = "<group>";
		};
		CA2EB623215B30120036C8F1 /* SwiftAdvance */ = {
			isa = PBXGroup;
			children = (
				CA2EB626215B30120036C8F1 /* ViewController.swift */,
				CA2EB639215B30970036C8F1 /* Class */,
				CA2EB636215B30400036C8F1 /* Common */,
				CA2EB624215B30120036C8F1 /* AppDelegate.swift */,
				CA2EB628215B30120036C8F1 /* Main.storyboard */,
				CA2EB62B215B30140036C8F1 /* Assets.xcassets */,
				CA2EB62D215B30140036C8F1 /* LaunchScreen.storyboard */,
				CA2EB630215B30140036C8F1 /* Info.plist */,
			);
			path = SwiftAdvance;
			sourceTree = "<group>";
		};
		CA2EB636215B30400036C8F1 /* Common */ = {
			isa = PBXGroup;
			children = (
				CA2EB637215B30660036C8F1 /* NormalBaseViewController.swift */,
			);
			path = Common;
			sourceTree = "<group>";
		};
		CA2EB639215B30970036C8F1 /* Class */ = {
			isa = PBXGroup;
			children = (
				CA2EB63A215B31830036C8F1 /* 内建集合类型 */,
			);
			path = Class;
			sourceTree = "<group>";
		};
		CA2EB63A215B31830036C8F1 /* 内建集合类型 */ = {
			isa = PBXGroup;
			children = (
				CA2EB63B215B31D00036C8F1 /* ShowArrayController.swift */,
			);
			path = "内建集合类型";
			sourceTree = "<group>";
		};
/* End PBXGroup section */

/* Begin PBXNativeTarget section */
		CA2EB620215B30120036C8F1 /* SwiftAdvance */ = {
			isa = PBXNativeTarget;
			buildConfigurationList = CA2EB633215B30140036C8F1 /* Build configuration list for PBXNativeTarget "SwiftAdvance" */;
			buildPhases = (
				CA2EB61D215B30120036C8F1 /* Sources */,
				CA2EB61E215B30120036C8F1 /* Frameworks */,
				CA2EB61F215B30120036C8F1 /* Resources */,
			);
			buildRules = (
			);
			dependencies = (
			);
			name = SwiftAdvance;
			productName = SwiftAdvance;
			productReference = CA2EB621215B30120036C8F1 /* SwiftAdvance.app */;
			productType = "com.apple.product-type.application";
		};
/* End PBXNativeTarget section */

/* Begin PBXProject section */
		CA2EB619215B30120036C8F1 /* Project object */ = {
			isa = PBXProject;
			attributes = {
				LastSwiftUpdateCheck = 0940;
				LastUpgradeCheck = 0940;
				ORGANIZATIONNAME = com.test;
				TargetAttributes = {
					CA2EB620215B30120036C8F1 = {
						CreatedOnToolsVersion = 9.4.1;
					};
				};
			};
			buildConfigurationList = CA2EB61C215B30120036C8F1 /* Build configuration list for PBXProject "SwiftAdvance" */;
			compatibilityVersion = "Xcode 9.3";
			developmentRegion = en;
			hasScannedForEncodings = 0;
			knownRegions = (
				en,
				Base,
			);
			mainGroup = CA2EB618215B30120036C8F1;
			productRefGroup = CA2EB622215B30120036C8F1 /* Products */;
			projectDirPath = "";
			projectRoot = "";
			targets = (
				CA2EB620215B30120036C8F1 /* SwiftAdvance */,
			);
		};
/* End PBXProject section */

/* Begin PBXResourcesBuildPhase section */
		CA2EB61F215B30120036C8F1 /* Resources */ = {
			isa = PBXResourcesBuildPhase;
			buildActionMask = 2147483647;
			files = (
				CA2EB62F215B30140036C8F1 /* LaunchScreen.storyboard in Resources */,
				CA2EB62C215B30140036C8F1 /* Assets.xcassets in Resources */,
				CA2EB62A215B30120036C8F1 /* Main.storyboard in Resources */,
			);
			runOnlyForDeploymentPostprocessing = 0;
		};
/* End PBXResourcesBuildPhase section */

/* Begin PBXSourcesBuildPhase section */
		CA2EB61D215B30120036C8F1 /* Sources */ = {
			isa = PBXSourcesBuildPhase;
			buildActionMask = 2147483647;
			files = (
				CA2EB63C215B31D00036C8F1 /* ShowArrayController.swift in Sources */,
				CA2EB627215B30120036C8F1 /* ViewController.swift in Sources */,
				CA2EB625215B30120036C8F1 /* AppDelegate.swift in Sources */,
				CA2EB638215B30660036C8F1 /* NormalBaseViewController.swift in Sources */,
			);
			runOnlyForDeploymentPostprocessing = 0;
		};
/* End PBXSourcesBuildPhase section */

/* Begin PBXVariantGroup section */
		CA2EB628215B30120036C8F1 /* Main.storyboard */ = {
			isa = PBXVariantGroup;
			children = (
				CA2EB629215B30120036C8F1 /* Base */,
			);
			name = Main.storyboard;
			sourceTree = "<group>";
		};
		CA2EB62D215B30140036C8F1 /* LaunchScreen.storyboard */ = {
			isa = PBXVariantGroup;
			children = (
				CA2EB62E215B30140036C8F1 /* Base */,
			);
			name = LaunchScreen.storyboard;
			sourceTree = "<group>";
		};
/* End PBXVariantGroup section */

/* Begin XCBuildConfiguration section */
		CA2EB631215B30140036C8F1 /* Debug */ = {
			isa = XCBuildConfiguration;
			buildSettings = {
				ALWAYS_SEARCH_USER_PATHS = NO;
				CLANG_ANALYZER_NONNULL = YES;
				CLANG_ANALYZER_NUMBER_OBJECT_CONVERSION = YES_AGGRESSIVE;
				CLANG_CXX_LANGUAGE_STANDARD = "gnu++14";
				CLANG_CXX_LIBRARY = "libc++";
				CLANG_ENABLE_MODULES = YES;
				CLANG_ENABLE_OBJC_ARC = YES;
				CLANG_ENABLE_OBJC_WEAK = YES;
				CLANG_WARN_BLOCK_CAPTURE_AUTORELEASING = YES;
				CLANG_WARN_BOOL_CONVERSION = YES;
				CLANG_WARN_COMMA = YES;
				CLANG_WARN_CONSTANT_CONVERSION = YES;
				CLANG_WARN_DEPRECATED_OBJC_IMPLEMENTATIONS = YES;
				CLANG_WARN_DIRECT_OBJC_ISA_USAGE = YES_ERROR;
				CLANG_WARN_DOCUMENTATION_COMMENTS = YES;
				CLANG_WARN_EMPTY_BODY = YES;
				CLANG_WARN_ENUM_CONVERSION = YES;
				CLANG_WARN_INFINITE_RECURSION = YES;
				CLANG_WARN_INT_CONVERSION = YES;
				CLANG_WARN_NON_LITERAL_NULL_CONVERSION = YES;
				CLANG_WARN_OBJC_IMPLICIT_RETAIN_SELF = YES;
				CLANG_WARN_OBJC_LITERAL_CONVERSION = YES;
				CLANG_WARN_OBJC_ROOT_CLASS = YES_ERROR;
				CLANG_WARN_RANGE_LOOP_ANALYSIS = YES;
				CLANG_WARN_STRICT_PROTOTYPES = YES;
				CLANG_WARN_SUSPICIOUS_MOVE = YES;
				CLANG_WARN_UNGUARDED_AVAILABILITY = YES_AGGRESSIVE;
				CLANG_WARN_UNREACHABLE_CODE = YES;
				CLANG_WARN__DUPLICATE_METHOD_MATCH = YES;
				CODE_SIGN_IDENTITY = "iPhone Developer";
				COPY_PHASE_STRIP = NO;
				DEBUG_INFORMATION_FORMAT = dwarf;
				ENABLE_STRICT_OBJC_MSGSEND = YES;
				ENABLE_TESTABILITY = YES;
				GCC_C_LANGUAGE_STANDARD = gnu11;
				GCC_DYNAMIC_NO_PIC = NO;
				GCC_NO_COMMON_BLOCKS = YES;
				GCC_OPTIMIZATION_LEVEL = 0;
				GCC_PREPROCESSOR_DEFINITIONS = (
					"DEBUG=1",
					"$(inherited)",
				);
				GCC_WARN_64_TO_32_BIT_CONVERSION = YES;
				GCC_WARN_ABOUT_RETURN_TYPE = YES_ERROR;
				GCC_WARN_UNDECLARED_SELECTOR = YES;
				GCC_WARN_UNINITIALIZED_AUTOS = YES_AGGRESSIVE;
				GCC_WARN_UNUSED_FUNCTION = YES;
				GCC_WARN_UNUSED_VARIABLE = YES;
				IPHONEOS_DEPLOYMENT_TARGET = 11.4;
				MTL_ENABLE_DEBUG_INFO = YES;
				ONLY_ACTIVE_ARCH = YES;
				SDKROOT = iphoneos;
				SWIFT_ACTIVE_COMPILATION_CONDITIONS = DEBUG;
				SWIFT_OPTIMIZATION_LEVEL = "-Onone";
			};
			name = Debug;
		};
		CA2EB632215B30140036C8F1 /* Release */ = {
			isa = XCBuildConfiguration;
			buildSettings = {
				ALWAYS_SEARCH_USER_PATHS = NO;
				CLANG_ANALYZER_NONNULL = YES;
				CLANG_ANALYZER_NUMBER_OBJECT_CONVERSION = YES_AGGRESSIVE;
				CLANG_CXX_LANGUAGE_STANDARD = "gnu++14";
				CLANG_CXX_LIBRARY = "libc++";
				CLANG_ENABLE_MODULES = YES;
				CLANG_ENABLE_OBJC_ARC = YES;
				CLANG_ENABLE_OBJC_WEAK = YES;
				CLANG_WARN_BLOCK_CAPTURE_AUTORELEASING = YES;
				CLANG_WARN_BOOL_CONVERSION = YES;
				CLANG_WARN_COMMA = YES;
				CLANG_WARN_CONSTANT_CONVERSION = YES;
				CLANG_WARN_DEPRECATED_OBJC_IMPLEMENTATIONS = YES;
				CLANG_WARN_DIRECT_OBJC_ISA_USAGE = YES_ERROR;
				CLANG_WARN_DOCUMENTATION_COMMENTS = YES;
				CLANG_WARN_EMPTY_BODY = YES;
				CLANG_WARN_ENUM_CONVERSION = YES;
				CLANG_WARN_INFINITE_RECURSION = YES;
				CLANG_WARN_INT_CONVERSION = YES;
				CLANG_WARN_NON_LITERAL_NULL_CONVERSION = YES;
				CLANG_WARN_OBJC_IMPLICIT_RETAIN_SELF = YES;
				CLANG_WARN_OBJC_LITERAL_CONVERSION = YES;
				CLANG_WARN_OBJC_ROOT_CLASS = YES_ERROR;
				CLANG_WARN_RANGE_LOOP_ANALYSIS = YES;
				CLANG_WARN_STRICT_PROTOTYPES = YES;
				CLANG_WARN_SUSPICIOUS_MOVE = YES;
				CLANG_WARN_UNGUARDED_AVAILABILITY = YES_AGGRESSIVE;
				CLANG_WARN_UNREACHABLE_CODE = YES;
				CLANG_WARN__DUPLICATE_METHOD_MATCH = YES;
				CODE_SIGN_IDENTITY = "iPhone Developer";
				COPY_PHASE_STRIP = NO;
				DEBUG_INFORMATION_FORMAT = "dwarf-with-dsym";
				ENABLE_NS_ASSERTIONS = NO;
				ENABLE_STRICT_OBJC_MSGSEND = YES;
				GCC_C_LANGUAGE_STANDARD = gnu11;
				GCC_NO_COMMON_BLOCKS = YES;
				GCC_WARN_64_TO_32_BIT_CONVERSION = YES;
				GCC_WARN_ABOUT_RETURN_TYPE = YES_ERROR;
				GCC_WARN_UNDECLARED_SELECTOR = YES;
				GCC_WARN_UNINITIALIZED_AUTOS = YES_AGGRESSIVE;
				GCC_WARN_UNUSED_FUNCTION = YES;
				GCC_WARN_UNUSED_VARIABLE = YES;
				IPHONEOS_DEPLOYMENT_TARGET = 11.4;
				MTL_ENABLE_DEBUG_INFO = NO;
				SDKROOT = iphoneos;
				SWIFT_COMPILATION_MODE = wholemodule;
				SWIFT_OPTIMIZATION_LEVEL = "-O";
				VALIDATE_PRODUCT = YES;
			};
			name = Release;
		};
		CA2EB634215B30140036C8F1 /* Debug */ = {
			isa = XCBuildConfiguration;
			buildSettings = {
				ASSETCATALOG_COMPILER_APPICON_NAME = AppIcon;
				CODE_SIGN_STYLE = Automatic;
				INFOPLIST_FILE = SwiftAdvance/Info.plist;
				LD_RUNPATH_SEARCH_PATHS = (
					"$(inherited)",
					"@executable_path/Frameworks",
				);
				PRODUCT_BUNDLE_IDENTIFIER = "net.yeah-flyuqq.SwiftAdvance";
				PRODUCT_NAME = "$(TARGET_NAME)";
				SWIFT_VERSION = 4.0;
				TARGETED_DEVICE_FAMILY = "1,2";
			};
			name = Debug;
		};
		CA2EB635215B30140036C8F1 /* Release */ = {
			isa = XCBuildConfiguration;
			buildSettings = {
				ASSETCATALOG_COMPILER_APPICON_NAME = AppIcon;
				CODE_SIGN_STYLE = Automatic;
				INFOPLIST_FILE = SwiftAdvance/Info.plist;
				LD_RUNPATH_SEARCH_PATHS = (
					"$(inherited)",
					"@executable_path/Frameworks",
				);
				PRODUCT_BUNDLE_IDENTIFIER = "net.yeah-flyuqq.SwiftAdvance";
				PRODUCT_NAME = "$(TARGET_NAME)";
				SWIFT_VERSION = 4.0;
				TARGETED_DEVICE_FAMILY = "1,2";
			};
			name = Release;
		};
/* End XCBuildConfiguration section */

/* Begin XCConfigurationList section */
		CA2EB61C215B30120036C8F1 /* Build configuration list for PBXProject "SwiftAdvance" */ = {
			isa = XCConfigurationList;
			buildConfigurations = (
				CA2EB631215B30140036C8F1 /* Debug */,
				CA2EB632215B30140036C8F1 /* Release */,
			);
			defaultConfigurationIsVisible = 0;
			defaultConfigurationName = Release;
		};
		CA2EB633215B30140036C8F1 /* Build configuration list for PBXNativeTarget "SwiftAdvance" */ = {
			isa = XCConfigurationList;
			buildConfigurations = (
				CA2EB634215B30140036C8F1 /* Debug */,
				CA2EB635215B30140036C8F1 /* Release */,
			);
			defaultConfigurationIsVisible = 0;
			defaultConfigurationName = Release;
		};
/* End XCConfigurationList section */
	};
	rootObject = CA2EB619215B30120036C8F1 /* Project object */;
}
